// !$*UTF8*$!
{
	archiveVersion = 1;
	classes = {
	};
	objectVersion = 46;
	objects = {

/* Begin PBXAggregateTarget section */
		0330CD2517D54DDEB867E607 /* ZERO_CHECK */ = {
			isa = PBXAggregateTarget;
			buildConfigurationList = CE42D9BB18234F37B5CD815E /* Build configuration list for PBXAggregateTarget "ZERO_CHECK" */;
			buildPhases = (
				F13CEEE84080A618E4A1ABBB /* Generate CMakeFiles/ZERO_CHECK */,
			);
			dependencies = (
			);
			name = ZERO_CHECK;
			productName = ZERO_CHECK;
		};
		248A1CA7E1224C239AB48DBA /* ALL_BUILD */ = {
			isa = PBXAggregateTarget;
			buildConfigurationList = 2560729B00964A55BB778DD4 /* Build configuration list for PBXAggregateTarget "ALL_BUILD" */;
			buildPhases = (
				C5D0B782E9589E70704A1413 /* Generate CMakeFiles/ALL_BUILD */,
			);
			dependencies = (
				40B3AB14B0BA4F7FAA698999 /* PBXTargetDependency */,
				B54E3632419F4484894C35A8 /* PBXTargetDependency */,
			);
			name = ALL_BUILD;
			productName = ALL_BUILD;
		};
		EFB49F870FD54AD298B079A7 /* install */ = {
			isa = PBXAggregateTarget;
			buildConfigurationList = B91DC61597824E3CBD730A9A /* Build configuration list for PBXAggregateTarget "install" */;
			buildPhases = (
				93426DA6A4AC2C2AC9CE883C /* CMake PostBuild Rules */,
			);
			dependencies = (
				2C2C31DCB2FE4B048444772E /* PBXTargetDependency */,
			);
			name = install;
			productName = install;
		};
/* End PBXAggregateTarget section */

/* Begin PBXBuildFile section */
		96D7F05DCEFD47C8BE68649E /* /Users/0xceed/Repositories/ycmapper-apple/dependencies/libycvid/dependencies/libycenv/dependencies/libycres/examples/ycimap/CMakeLists.txt */ = {isa = PBXBuildFile; fileRef = 3826219EB3F344049A9BA01A /* /Users/0xceed/Repositories/ycmapper-apple/dependencies/libycvid/dependencies/libycenv/dependencies/libycres/examples/ycimap/CMakeLists.txt */; };
		D71EE3174D94465E81DD1FC7 /* /Users/0xceed/Repositories/ycmapper-apple/dependencies/libycvid/dependencies/libycenv/dependencies/libycres/examples/ycimap/source/main.c */ = {isa = PBXBuildFile; fileRef = 7BBE3A3CB26B44EC85C01D87 /* /Users/0xceed/Repositories/ycmapper-apple/dependencies/libycvid/dependencies/libycenv/dependencies/libycres/examples/ycimap/source/main.c */; };
/* End PBXBuildFile section */

/* Begin PBXBuildStyle section */
		1A1ADB2DFFEB4C14A09250F8 /* MinSizeRel */ = {
			isa = PBXBuildStyle;
			buildSettings = {
				COPY_PHASE_STRIP = NO;
			};
			name = MinSizeRel;
		};
		3069438AFB09479592B98CAE /* Debug */ = {
			isa = PBXBuildStyle;
			buildSettings = {
				COPY_PHASE_STRIP = NO;
			};
			name = Debug;
		};
		3542C277B6A346A98F71A10E /* RelWithDebInfo */ = {
			isa = PBXBuildStyle;
			buildSettings = {
				COPY_PHASE_STRIP = NO;
			};
			name = RelWithDebInfo;
		};
		E495CA23DDEF4625875A1719 /* Release */ = {
			isa = PBXBuildStyle;
			buildSettings = {
				COPY_PHASE_STRIP = NO;
			};
			name = Release;
		};
/* End PBXBuildStyle section */

/* Begin PBXContainerItemProxy section */
		14526C1D64D24B58893AB247 /* PBXContainerItemProxy */ = {
			isa = PBXContainerItemProxy;
			containerPortal = 4A53B9E44EE74F1E8FA324DE /* Project object */;
			proxyType = 1;
			remoteGlobalIDString = 248A1CA7E1224C239AB48DBA;
			remoteInfo = ALL_BUILD;
		};
		788ABB2441464523BF091999 /* PBXContainerItemProxy */ = {
			isa = PBXContainerItemProxy;
			containerPortal = 4A53B9E44EE74F1E8FA324DE /* Project object */;
			proxyType = 1;
			remoteGlobalIDString = DF2F6BEB9AF1469CAE48B21F;
			remoteInfo = ycimap;
		};
		A20D9646F50042AABB5FBA00 /* PBXContainerItemProxy */ = {
			isa = PBXContainerItemProxy;
			containerPortal = 4A53B9E44EE74F1E8FA324DE /* Project object */;
			proxyType = 1;
			remoteGlobalIDString = 0330CD2517D54DDEB867E607;
			remoteInfo = ZERO_CHECK;
		};
		EB739743EDCA43309C020EB1 /* PBXContainerItemProxy */ = {
			isa = PBXContainerItemProxy;
			containerPortal = 4A53B9E44EE74F1E8FA324DE /* Project object */;
			proxyType = 1;
			remoteGlobalIDString = 0330CD2517D54DDEB867E607;
			remoteInfo = ZERO_CHECK;
		};
/* End PBXContainerItemProxy section */

/* Begin PBXFileReference section */
		327FED96336744A6ADD049A5 /* /Users/0xceed/Repositories/ycmapper-apple/dependencies/libycvid/dependencies/libycenv/dependencies/libycres/examples/ycimap/CMakeLists.txt */ = {isa = PBXFileReference; explicitFileType = sourcecode.text; fileEncoding = 4; name = CMakeLists.txt; path = CMakeLists.txt; sourceTree = SOURCE_ROOT; };
		3826219EB3F344049A9BA01A /* /Users/0xceed/Repositories/ycmapper-apple/dependencies/libycvid/dependencies/libycenv/dependencies/libycres/examples/ycimap/CMakeLists.txt */ = {isa = PBXFileReference; explicitFileType = sourcecode.text; fileEncoding = 4; name = CMakeLists.txt; path = CMakeLists.txt; sourceTree = SOURCE_ROOT; };
		7BBE3A3CB26B44EC85C01D87 /* /Users/0xceed/Repositories/ycmapper-apple/dependencies/libycvid/dependencies/libycenv/dependencies/libycres/examples/ycimap/source/main.c */ = {isa = PBXFileReference; explicitFileType = sourcecode.c.c; fileEncoding = 4; name = main.c; path = source/main.c; sourceTree = SOURCE_ROOT; };
		8D0B843161E848C78D19BCD1 /* ycimap */ = {isa = PBXFileReference; explicitFileType = "compiled.mach-o.executable"; path = ycimap; sourceTree = BUILT_PRODUCTS_DIR; };
/* End PBXFileReference section */

/* Begin PBXFrameworksBuildPhase section */
		B13EB1FB56D84F118751A0E1 /* Frameworks */ = {
			isa = PBXFrameworksBuildPhase;
			buildActionMask = 2147483647;
			files = (
			);
			runOnlyForDeploymentPostprocessing = 0;
		};
/* End PBXFrameworksBuildPhase section */

/* Begin PBXGroup section */
		20AF9839FD7F403C86750DE5 /* ycimap */ = {
			isa = PBXGroup;
			children = (
				8C02B1CC95E04AB3B6FDADED /* Source Files */,
				3826219EB3F344049A9BA01A /* /Users/0xceed/Repositories/ycmapper-apple/dependencies/libycvid/dependencies/libycenv/dependencies/libycres/examples/ycimap/CMakeLists.txt */,
			);
			name = ycimap;
			sourceTree = "<group>";
		};
		30E3FFA5C5DD46F5BC0E9192 /* CMake Rules */ = {
			isa = PBXGroup;
			children = (
			);
			name = "CMake Rules";
			sourceTree = "<group>";
		};
		3452D795E1FF44378AAB7228 /* Frameworks */ = {
			isa = PBXGroup;
			children = (
			);
			name = Frameworks;
			sourceTree = "<group>";
		};
		4368E2BFA8E14B41B19E8ADE = {
			isa = PBXGroup;
			children = (
				20AF9839FD7F403C86750DE5 /* ycimap */,
				CEEF348F495144B88936FCB8 /* ALL_BUILD */,
				591115D39B0E46A5AF005A59 /* Products */,
				3452D795E1FF44378AAB7228 /* Frameworks */,
				77E7332D48204DBC95B9D36E /* Resources */,
			);
			sourceTree = "<group>";
		};
		591115D39B0E46A5AF005A59 /* Products */ = {
			isa = PBXGroup;
			children = (
				8D0B843161E848C78D19BCD1 /* ycimap */,
			);
			name = Products;
			sourceTree = "<group>";
		};
		77E7332D48204DBC95B9D36E /* Resources */ = {
			isa = PBXGroup;
			children = (
			);
			name = Resources;
			sourceTree = "<group>";
		};
		8C02B1CC95E04AB3B6FDADED /* Source Files */ = {
			isa = PBXGroup;
			children = (
				7BBE3A3CB26B44EC85C01D87 /* /Users/0xceed/Repositories/ycmapper-apple/dependencies/libycvid/dependencies/libycenv/dependencies/libycres/examples/ycimap/source/main.c */,
			);
			name = "Source Files";
			sourceTree = "<group>";
		};
		CEEF348F495144B88936FCB8 /* ALL_BUILD */ = {
			isa = PBXGroup;
			children = (
				30E3FFA5C5DD46F5BC0E9192 /* CMake Rules */,
				327FED96336744A6ADD049A5 /* /Users/0xceed/Repositories/ycmapper-apple/dependencies/libycvid/dependencies/libycenv/dependencies/libycres/examples/ycimap/CMakeLists.txt */,
			);
			name = ALL_BUILD;
			sourceTree = "<group>";
		};
/* End PBXGroup section */

/* Begin PBXNativeTarget section */
		DF2F6BEB9AF1469CAE48B21F /* ycimap */ = {
			isa = PBXNativeTarget;
			buildConfigurationList = 2E16FC1B334D4D9F92D7FEAF /* Build configuration list for PBXNativeTarget "ycimap" */;
			buildPhases = (
				0866D210927F4A2EB7AB8F23 /* Sources */,
				B13EB1FB56D84F118751A0E1 /* Frameworks */,
			);
			buildRules = (
			);
			dependencies = (
				F1DEBB11F710498BBE6CD02B /* PBXTargetDependency */,
			);
			name = ycimap;
			productName = ycimap;
			productReference = 8D0B843161E848C78D19BCD1 /* ycimap */;
			productType = "com.apple.product-type.tool";
		};
/* End PBXNativeTarget section */

/* Begin PBXProject section */
		4A53B9E44EE74F1E8FA324DE /* Project object */ = {
			isa = PBXProject;
			attributes = {
				BuildIndependentTargetsInParallel = YES;
				LastUpgradeCheck = 1520;
			};
			buildConfigurationList = DB26947E164F4B2BB0A26EA5 /* Build configuration list for PBXProject "ycimap" */;
			buildSettings = {
			};
			buildStyles = (
				3069438AFB09479592B98CAE /* Debug */,
				E495CA23DDEF4625875A1719 /* Release */,
				1A1ADB2DFFEB4C14A09250F8 /* MinSizeRel */,
				3542C277B6A346A98F71A10E /* RelWithDebInfo */,
			);
			compatibilityVersion = "Xcode 3.2";
			hasScannedForEncodings = 0;
			mainGroup = 4368E2BFA8E14B41B19E8ADE;
			projectDirPath = "/Users/0xceed/Repositories/ycmapper-apple/dependencies/libycvid/dependencies/libycenv/dependencies/libycres/examples/ycimap";
			projectRoot = "";
			targets = (
				248A1CA7E1224C239AB48DBA /* ALL_BUILD */,
				0330CD2517D54DDEB867E607 /* ZERO_CHECK */,
				EFB49F870FD54AD298B079A7 /* install */,
				DF2F6BEB9AF1469CAE48B21F /* ycimap */,
			);
		};
/* End PBXProject section */

/* Begin PBXShellScriptBuildPhase section */
		3C0110FC8322DE7E50886E21 = {
			isa = PBXShellScriptBuildPhase;
			buildActionMask = 2147483647;
			files = (
			);
			inputPaths = (
			);
			outputPaths = (
			);
			runOnlyForDeploymentPostprocessing = 0;
			shellPath = /bin/sh;
			shellScript = "# shell script goes here
exit 0";
			showEnvVarsInLog = 0;
		};
		87AF4882E018677E2624B544 = {
			isa = PBXShellScriptBuildPhase;
			buildActionMask = 2147483647;
			files = (
			);
			inputPaths = (
			);
			outputPaths = (
			);
			runOnlyForDeploymentPostprocessing = 0;
			shellPath = /bin/sh;
			shellScript = "# shell script goes here
exit 0";
			showEnvVarsInLog = 0;
		};
		93426DA6A4AC2C2AC9CE883C /* CMake PostBuild Rules */ = {
			isa = PBXShellScriptBuildPhase;
			alwaysOutOfDate = 1;
			buildActionMask = 2147483647;
			files = (
			);
			name = "CMake PostBuild Rules";
			outputPaths = (
			);
			runOnlyForDeploymentPostprocessing = 0;
			shellPath = /bin/sh;
			shellScript = "set -e
if test \"$CONFIGURATION\" = \"Debug\"; then :
  cd /Users/0xceed/Repositories/ycmapper-apple/cmake/dependencies/libycenv/dependencies/libycres/examples/ycimap
  /opt/homebrew/Cellar/cmake/3.28.1/bin/cmake -DBUILD_TYPE=$CONFIGURATION$EFFECTIVE_PLATFORM_NAME -P cmake_install.cmake
fi
if test \"$CONFIGURATION\" = \"Release\"; then :
  cd /Users/0xceed/Repositories/ycmapper-apple/cmake/dependencies/libycenv/dependencies/libycres/examples/ycimap
  /opt/homebrew/Cellar/cmake/3.28.1/bin/cmake -DBUILD_TYPE=$CONFIGURATION$EFFECTIVE_PLATFORM_NAME -P cmake_install.cmake
fi
if test \"$CONFIGURATION\" = \"MinSizeRel\"; then :
  cd /Users/0xceed/Repositories/ycmapper-apple/cmake/dependencies/libycenv/dependencies/libycres/examples/ycimap
  /opt/homebrew/Cellar/cmake/3.28.1/bin/cmake -DBUILD_TYPE=$CONFIGURATION$EFFECTIVE_PLATFORM_NAME -P cmake_install.cmake
fi
if test \"$CONFIGURATION\" = \"RelWithDebInfo\"; then :
  cd /Users/0xceed/Repositories/ycmapper-apple/cmake/dependencies/libycenv/dependencies/libycres/examples/ycimap
  /opt/homebrew/Cellar/cmake/3.28.1/bin/cmake -DBUILD_TYPE=$CONFIGURATION$EFFECTIVE_PLATFORM_NAME -P cmake_install.cmake
fi
";
			showEnvVarsInLog = 0;
		};
		9B50530E35CC49C82C2FACCF = {
			isa = PBXShellScriptBuildPhase;
			buildActionMask = 2147483647;
			files = (
			);
			inputPaths = (
			);
			outputPaths = (
			);
			runOnlyForDeploymentPostprocessing = 0;
			shellPath = /bin/sh;
			shellScript = "# shell script goes here
exit 0";
			showEnvVarsInLog = 0;
		};
		C5D0B782E9589E70704A1413 /* Generate CMakeFiles/ALL_BUILD */ = {
			isa = PBXShellScriptBuildPhase;
			alwaysOutOfDate = 1;
			buildActionMask = 2147483647;
			files = (
			);
			inputPaths = (
			);
			name = "Generate CMakeFiles/ALL_BUILD";
			outputPaths = (
"/Users/0xceed/Repositories/ycmapper-apple/cmake/dependencies/libycenv/dependencies/libycres/examples/ycimap/CMakeFiles/ALL_BUILD"			);
			runOnlyForDeploymentPostprocessing = 0;
			shellPath = /bin/sh;
			shellScript = "set -e
if test \"$CONFIGURATION\" = \"Debug\"; then :
  cd /Users/0xceed/Repositories/ycmapper-apple/cmake/dependencies/libycenv/dependencies/libycres/examples/ycimap
  /Users/0xceed/Repositories/ycmapper-apple/cmake/dependencies/libycenv/dependencies/libycres/examples/dependencies/argtable/examples/Debug/echo Build\\ all\\ projects
fi
if test \"$CONFIGURATION\" = \"Release\"; then :
  cd /Users/0xceed/Repositories/ycmapper-apple/cmake/dependencies/libycenv/dependencies/libycres/examples/ycimap
  /Users/0xceed/Repositories/ycmapper-apple/cmake/dependencies/libycenv/dependencies/libycres/examples/dependencies/argtable/examples/Release/echo Build\\ all\\ projects
fi
if test \"$CONFIGURATION\" = \"MinSizeRel\"; then :
  cd /Users/0xceed/Repositories/ycmapper-apple/cmake/dependencies/libycenv/dependencies/libycres/examples/ycimap
  /Users/0xceed/Repositories/ycmapper-apple/cmake/dependencies/libycenv/dependencies/libycres/examples/dependencies/argtable/examples/MinSizeRel/echo Build\\ all\\ projects
fi
if test \"$CONFIGURATION\" = \"RelWithDebInfo\"; then :
  cd /Users/0xceed/Repositories/ycmapper-apple/cmake/dependencies/libycenv/dependencies/libycres/examples/ycimap
  /Users/0xceed/Repositories/ycmapper-apple/cmake/dependencies/libycenv/dependencies/libycres/examples/dependencies/argtable/examples/RelWithDebInfo/echo Build\\ all\\ projects
fi
";
			showEnvVarsInLog = 0;
		};
		F13CEEE84080A618E4A1ABBB /* Generate CMakeFiles/ZERO_CHECK */ = {
			isa = PBXShellScriptBuildPhase;
			alwaysOutOfDate = 1;
			buildActionMask = 2147483647;
			files = (
			);
			inputPaths = (
			);
			name = "Generate CMakeFiles/ZERO_CHECK";
			outputPaths = (
"/Users/0xceed/Repositories/ycmapper-apple/cmake/dependencies/libycenv/dependencies/libycres/examples/ycimap/CMakeFiles/ZERO_CHECK"			);
			runOnlyForDeploymentPostprocessing = 0;
			shellPath = /bin/sh;
			shellScript = "set -e
if test \"$CONFIGURATION\" = \"Debug\"; then :
  cd /Users/0xceed/Repositories/ycmapper-apple/cmake/dependencies/libycenv/dependencies/libycres/examples/ycimap
  make -f /Users/0xceed/Repositories/ycmapper-apple/cmake/dependencies/libycenv/dependencies/libycres/examples/ycimap/CMakeScripts/ReRunCMake.make
fi
if test \"$CONFIGURATION\" = \"Release\"; then :
  cd /Users/0xceed/Repositories/ycmapper-apple/cmake/dependencies/libycenv/dependencies/libycres/examples/ycimap
  make -f /Users/0xceed/Repositories/ycmapper-apple/cmake/dependencies/libycenv/dependencies/libycres/examples/ycimap/CMakeScripts/ReRunCMake.make
fi
if test \"$CONFIGURATION\" = \"MinSizeRel\"; then :
  cd /Users/0xceed/Repositories/ycmapper-apple/cmake/dependencies/libycenv/dependencies/libycres/examples/ycimap
  make -f /Users/0xceed/Repositories/ycmapper-apple/cmake/dependencies/libycenv/dependencies/libycres/examples/ycimap/CMakeScripts/ReRunCMake.make
fi
if test \"$CONFIGURATION\" = \"RelWithDebInfo\"; then :
  cd /Users/0xceed/Repositories/ycmapper-apple/cmake/dependencies/libycenv/dependencies/libycres/examples/ycimap
  make -f /Users/0xceed/Repositories/ycmapper-apple/cmake/dependencies/libycenv/dependencies/libycres/examples/ycimap/CMakeScripts/ReRunCMake.make
fi
";
			showEnvVarsInLog = 0;
		};
/* End PBXShellScriptBuildPhase section */

/* Begin PBXSourcesBuildPhase section */
		0866D210927F4A2EB7AB8F23 /* Sources */ = {
			isa = PBXSourcesBuildPhase;
			buildActionMask = 2147483647;
			files = (
				D71EE3174D94465E81DD1FC7 /* /Users/0xceed/Repositories/ycmapper-apple/dependencies/libycvid/dependencies/libycenv/dependencies/libycres/examples/ycimap/source/main.c */,
			);
			runOnlyForDeploymentPostprocessing = 0;
		};
/* End PBXSourcesBuildPhase section */

/* Begin PBXTargetDependency section */
		2C2C31DCB2FE4B048444772E /* PBXTargetDependency */ = {
			isa = PBXTargetDependency;
			target = 248A1CA7E1224C239AB48DBA /* ALL_BUILD */;
			targetProxy = 14526C1D64D24B58893AB247 /* PBXContainerItemProxy */;
		};
		40B3AB14B0BA4F7FAA698999 /* PBXTargetDependency */ = {
			isa = PBXTargetDependency;
			target = DF2F6BEB9AF1469CAE48B21F /* ycimap */;
			targetProxy = 788ABB2441464523BF091999 /* PBXContainerItemProxy */;
		};
		B54E3632419F4484894C35A8 /* PBXTargetDependency */ = {
			isa = PBXTargetDependency;
			target = 0330CD2517D54DDEB867E607 /* ZERO_CHECK */;
			targetProxy = A20D9646F50042AABB5FBA00 /* PBXContainerItemProxy */;
		};
		F1DEBB11F710498BBE6CD02B /* PBXTargetDependency */ = {
			isa = PBXTargetDependency;
			target = 0330CD2517D54DDEB867E607 /* ZERO_CHECK */;
			targetProxy = EB739743EDCA43309C020EB1 /* PBXContainerItemProxy */;
		};
/* End PBXTargetDependency section */

/* Begin XCBuildConfiguration section */
		0496EECA1FF94B4BB231EAE1 /* MinSizeRel */ = {
			isa = XCBuildConfiguration;
			buildSettings = {
				ALWAYS_SEARCH_USER_PATHS = NO;
				ARCHS = arm64;
				COMBINE_HIDPI_IMAGES = YES;
				GCC_GENERATE_DEBUGGING_SYMBOLS = YES;
				GCC_INLINES_ARE_PRIVATE_EXTERN = NO;
				GCC_OPTIMIZATION_LEVEL = 0;
				GCC_PREPROCESSOR_DEFINITIONS = ("'CMAKE_INTDIR=\"$(CONFIGURATION)$(EFFECTIVE_PLATFORM_NAME)\"'","$(inherited)");
				GCC_SYMBOLS_PRIVATE_EXTERN = NO;
				INSTALL_PATH = "";
				ONLY_ACTIVE_ARCH = NO;
				OTHER_LDFLAGS = ("","$(inherited)");
				OTHER_REZFLAGS = "";
				PRODUCT_NAME = install;
				SECTORDER_FLAGS = "";
				USE_HEADERMAP = NO;
				WARNING_CFLAGS = ("$(inherited)");
			};
			name = MinSizeRel;
		};
		131106EF87EF45AD99528C09 /* RelWithDebInfo */ = {
			isa = XCBuildConfiguration;
			buildSettings = {
				ALWAYS_SEARCH_USER_PATHS = NO;
				ARCHS = arm64;
				COMBINE_HIDPI_IMAGES = YES;
				GCC_GENERATE_DEBUGGING_SYMBOLS = YES;
				GCC_INLINES_ARE_PRIVATE_EXTERN = NO;
				GCC_OPTIMIZATION_LEVEL = 0;
				GCC_PREPROCESSOR_DEFINITIONS = ("'CMAKE_INTDIR=\"$(CONFIGURATION)$(EFFECTIVE_PLATFORM_NAME)\"'","$(inherited)");
				GCC_SYMBOLS_PRIVATE_EXTERN = NO;
				INSTALL_PATH = "";
				ONLY_ACTIVE_ARCH = NO;
				OTHER_LDFLAGS = ("","$(inherited)");
				OTHER_REZFLAGS = "";
				PRODUCT_NAME = install;
				SECTORDER_FLAGS = "";
				USE_HEADERMAP = NO;
				WARNING_CFLAGS = ("$(inherited)");
			};
			name = RelWithDebInfo;
		};
		1755A8E96DB6447AAF7869D9 /* MinSizeRel */ = {
			isa = XCBuildConfiguration;
			buildSettings = {
				ARCHS = arm64;
				SDKROOT = /Library/Developer/CommandLineTools/SDKs/MacOSX14.2.sdk;
				SWIFT_COMPILATION_MODE = wholemodule;
				SYMROOT = "/Users/0xceed/Repositories/ycmapper-apple/cmake/build";
			};
			name = MinSizeRel;
		};
		17D9095AE83045DABC466F60 /* RelWithDebInfo */ = {
			isa = XCBuildConfiguration;
			buildSettings = {
				ALWAYS_SEARCH_USER_PATHS = NO;
				ARCHS = arm64;
				COMBINE_HIDPI_IMAGES = YES;
				GCC_GENERATE_DEBUGGING_SYMBOLS = YES;
				GCC_INLINES_ARE_PRIVATE_EXTERN = NO;
				GCC_OPTIMIZATION_LEVEL = 0;
				GCC_PREPROCESSOR_DEFINITIONS = ("'CMAKE_INTDIR=\"$(CONFIGURATION)$(EFFECTIVE_PLATFORM_NAME)\"'","$(inherited)");
				GCC_SYMBOLS_PRIVATE_EXTERN = NO;
				INSTALL_PATH = "";
				ONLY_ACTIVE_ARCH = NO;
				OTHER_LDFLAGS = ("","$(inherited)");
				OTHER_REZFLAGS = "";
				PRODUCT_NAME = ALL_BUILD;
				SECTORDER_FLAGS = "";
				USE_HEADERMAP = NO;
				WARNING_CFLAGS = ("$(inherited)");
			};
			name = RelWithDebInfo;
		};
		19516EDB882747759CBFB9A0 /* RelWithDebInfo */ = {
			isa = XCBuildConfiguration;
			buildSettings = {
				ALWAYS_SEARCH_USER_PATHS = NO;
				ARCHS = arm64;
				COMBINE_HIDPI_IMAGES = YES;
				CONFIGURATION_BUILD_DIR = "/Users/0xceed/Repositories/ycmapper-apple/cmake/dependencies/libycenv/dependencies/libycres/examples/ycimap/RelWithDebInfo";
				EXECUTABLE_PREFIX = "";
				EXECUTABLE_SUFFIX = "";
				GCC_GENERATE_DEBUGGING_SYMBOLS = NO;
				GCC_INLINES_ARE_PRIVATE_EXTERN = NO;
				GCC_OPTIMIZATION_LEVEL = 0;
				GCC_PREPROCESSOR_DEFINITIONS = ("'CMAKE_INTDIR=\"$(CONFIGURATION)$(EFFECTIVE_PLATFORM_NAME)\"'","$(inherited)");
				GCC_SYMBOLS_PRIVATE_EXTERN = NO;
				HEADER_SEARCH_PATHS = ("/Users/0xceed/Repositories/ycmapper-apple/dependencies/libycvid/dependencies/libycenv/dependencies/libycres/examples/ycimap/include","/Users/0xceed/Repositories/ycmapper-apple/dependencies/libycvid/dependencies/libycenv/dependencies/libycres/examples/ycimap/../dependencies/argtable/src","/Users/0xceed/Repositories/ycmapper-apple/dependencies/libycvid/dependencies/libycenv/dependencies/libycres/include","$(inherited)");
				INSTALL_PATH = "";
				ONLY_ACTIVE_ARCH = NO;
				OTHER_CFLAGS = ("'-std=gnu99' -Wall -Wextra -pedantic -Werror ","$(inherited)");
				OTHER_LDFLAGS = (" -Wl,-search_paths_first -Wl,-headerpad_max_install_names","/Users/0xceed/Repositories/ycmapper-apple/cmake/dependencies/libycenv/dependencies/libycres/examples/dependencies/argtable/src/RelWithDebInfo/libargtable3_static.a","/Users/0xceed/Repositories/ycmapper-apple/cmake/dependencies/libycenv/dependencies/libycres/RelWithDebInfo/libycres.a","$(inherited)");
				OTHER_REZFLAGS = "";
				PRODUCT_NAME = ycimap;
				SECTORDER_FLAGS = "";
				TARGET_TEMP_DIR = "/Users/0xceed/Repositories/ycmapper-apple/cmake/build/ycimap.build/$(CONFIGURATION)$(EFFECTIVE_PLATFORM_NAME)";
				USE_HEADERMAP = NO;
				WARNING_CFLAGS = ("$(inherited)");
			};
			name = RelWithDebInfo;
		};
		201CFC8E32E94ADCAB716E43 /* RelWithDebInfo */ = {
			isa = XCBuildConfiguration;
			buildSettings = {
				ALWAYS_SEARCH_USER_PATHS = NO;
				ARCHS = arm64;
				COMBINE_HIDPI_IMAGES = YES;
				GCC_GENERATE_DEBUGGING_SYMBOLS = YES;
				GCC_INLINES_ARE_PRIVATE_EXTERN = NO;
				GCC_OPTIMIZATION_LEVEL = 0;
				GCC_PREPROCESSOR_DEFINITIONS = ("'CMAKE_INTDIR=\"$(CONFIGURATION)$(EFFECTIVE_PLATFORM_NAME)\"'","$(inherited)");
				GCC_SYMBOLS_PRIVATE_EXTERN = NO;
				INSTALL_PATH = "";
				ONLY_ACTIVE_ARCH = NO;
				OTHER_LDFLAGS = ("","$(inherited)");
				OTHER_REZFLAGS = "";
				PRODUCT_NAME = ZERO_CHECK;
				SECTORDER_FLAGS = "";
				USE_HEADERMAP = NO;
				WARNING_CFLAGS = ("$(inherited)");
			};
			name = RelWithDebInfo;
		};
		214FF4B860E145348F6C4143 /* Release */ = {
			isa = XCBuildConfiguration;
			buildSettings = {
				ALWAYS_SEARCH_USER_PATHS = NO;
				ARCHS = arm64;
				COMBINE_HIDPI_IMAGES = YES;
				GCC_GENERATE_DEBUGGING_SYMBOLS = YES;
				GCC_INLINES_ARE_PRIVATE_EXTERN = NO;
				GCC_OPTIMIZATION_LEVEL = 0;
				GCC_PREPROCESSOR_DEFINITIONS = ("'CMAKE_INTDIR=\"$(CONFIGURATION)$(EFFECTIVE_PLATFORM_NAME)\"'","$(inherited)");
				GCC_SYMBOLS_PRIVATE_EXTERN = NO;
				INSTALL_PATH = "";
				ONLY_ACTIVE_ARCH = NO;
				OTHER_LDFLAGS = ("","$(inherited)");
				OTHER_REZFLAGS = "";
				PRODUCT_NAME = ALL_BUILD;
				SECTORDER_FLAGS = "";
				USE_HEADERMAP = NO;
				WARNING_CFLAGS = ("$(inherited)");
			};
			name = Release;
		};
		309093D81D8B497196E92806 /* Release */ = {
			isa = XCBuildConfiguration;
			buildSettings = {
				ALWAYS_SEARCH_USER_PATHS = NO;
				ARCHS = arm64;
				COMBINE_HIDPI_IMAGES = YES;
				CONFIGURATION_BUILD_DIR = "/Users/0xceed/Repositories/ycmapper-apple/cmake/dependencies/libycenv/dependencies/libycres/examples/ycimap/Release";
				EXECUTABLE_PREFIX = "";
				EXECUTABLE_SUFFIX = "";
				GCC_GENERATE_DEBUGGING_SYMBOLS = NO;
				GCC_INLINES_ARE_PRIVATE_EXTERN = NO;
				GCC_OPTIMIZATION_LEVEL = 0;
				GCC_PREPROCESSOR_DEFINITIONS = ("'CMAKE_INTDIR=\"$(CONFIGURATION)$(EFFECTIVE_PLATFORM_NAME)\"'","$(inherited)");
				GCC_SYMBOLS_PRIVATE_EXTERN = NO;
				HEADER_SEARCH_PATHS = ("/Users/0xceed/Repositories/ycmapper-apple/dependencies/libycvid/dependencies/libycenv/dependencies/libycres/examples/ycimap/include","/Users/0xceed/Repositories/ycmapper-apple/dependencies/libycvid/dependencies/libycenv/dependencies/libycres/examples/ycimap/../dependencies/argtable/src","/Users/0xceed/Repositories/ycmapper-apple/dependencies/libycvid/dependencies/libycenv/dependencies/libycres/include","$(inherited)");
				INSTALL_PATH = "";
				ONLY_ACTIVE_ARCH = NO;
				OTHER_CFLAGS = ("'-std=gnu99' -Wall -Wextra -pedantic -Werror ","$(inherited)");
				OTHER_LDFLAGS = (" -Wl,-search_paths_first -Wl,-headerpad_max_install_names","/Users/0xceed/Repositories/ycmapper-apple/cmake/dependencies/libycenv/dependencies/libycres/examples/dependencies/argtable/src/Release/libargtable3_static.a","/Users/0xceed/Repositories/ycmapper-apple/cmake/dependencies/libycenv/dependencies/libycres/Release/libycres.a","$(inherited)");
				OTHER_REZFLAGS = "";
				PRODUCT_NAME = ycimap;
				SECTORDER_FLAGS = "";
				TARGET_TEMP_DIR = "/Users/0xceed/Repositories/ycmapper-apple/cmake/build/ycimap.build/$(CONFIGURATION)$(EFFECTIVE_PLATFORM_NAME)";
				USE_HEADERMAP = NO;
				WARNING_CFLAGS = ("$(inherited)");
			};
			name = Release;
		};
		3A467CC2DB9F4E58B4EE52C4 /* Debug */ = {
			isa = XCBuildConfiguration;
			buildSettings = {
				ALWAYS_SEARCH_USER_PATHS = NO;
				ARCHS = arm64;
				COMBINE_HIDPI_IMAGES = YES;
				GCC_GENERATE_DEBUGGING_SYMBOLS = YES;
				GCC_INLINES_ARE_PRIVATE_EXTERN = NO;
				GCC_OPTIMIZATION_LEVEL = 0;
				GCC_PREPROCESSOR_DEFINITIONS = ("'CMAKE_INTDIR=\"$(CONFIGURATION)$(EFFECTIVE_PLATFORM_NAME)\"'","$(inherited)");
				GCC_SYMBOLS_PRIVATE_EXTERN = NO;
				INSTALL_PATH = "";
				ONLY_ACTIVE_ARCH = NO;
				OTHER_LDFLAGS = ("","$(inherited)");
				OTHER_REZFLAGS = "";
				PRODUCT_NAME = ZERO_CHECK;
				SECTORDER_FLAGS = "";
				USE_HEADERMAP = NO;
				WARNING_CFLAGS = ("$(inherited)");
			};
			name = Debug;
		};
		619682DA2E7D47D292F1A32C /* Debug */ = {
			isa = XCBuildConfiguration;
			buildSettings = {
				ALWAYS_SEARCH_USER_PATHS = NO;
				ARCHS = arm64;
				COMBINE_HIDPI_IMAGES = YES;
				CONFIGURATION_BUILD_DIR = "/Users/0xceed/Repositories/ycmapper-apple/cmake/dependencies/libycenv/dependencies/libycres/examples/ycimap/Debug";
				EXECUTABLE_PREFIX = "";
				EXECUTABLE_SUFFIX = "";
				GCC_GENERATE_DEBUGGING_SYMBOLS = NO;
				GCC_INLINES_ARE_PRIVATE_EXTERN = NO;
				GCC_OPTIMIZATION_LEVEL = 0;
				GCC_PREPROCESSOR_DEFINITIONS = ("'CMAKE_INTDIR=\"$(CONFIGURATION)$(EFFECTIVE_PLATFORM_NAME)\"'","$(inherited)");
				GCC_SYMBOLS_PRIVATE_EXTERN = NO;
				HEADER_SEARCH_PATHS = ("/Users/0xceed/Repositories/ycmapper-apple/dependencies/libycvid/dependencies/libycenv/dependencies/libycres/examples/ycimap/include","/Users/0xceed/Repositories/ycmapper-apple/dependencies/libycvid/dependencies/libycenv/dependencies/libycres/examples/ycimap/../dependencies/argtable/src","/Users/0xceed/Repositories/ycmapper-apple/dependencies/libycvid/dependencies/libycenv/dependencies/libycres/include","$(inherited)");
				INSTALL_PATH = "";
				ONLY_ACTIVE_ARCH = NO;
				OTHER_CFLAGS = ("'-std=gnu99' -Wall -Wextra -pedantic -Werror ","$(inherited)");
				OTHER_LDFLAGS = (" -Wl,-search_paths_first -Wl,-headerpad_max_install_names","/Users/0xceed/Repositories/ycmapper-apple/cmake/dependencies/libycenv/dependencies/libycres/examples/dependencies/argtable/src/Debug/libargtable3_staticd.a","/Users/0xceed/Repositories/ycmapper-apple/cmake/dependencies/libycenv/dependencies/libycres/Debug/libycres.a","$(inherited)");
				OTHER_REZFLAGS = "";
				PRODUCT_NAME = ycimap;
				SECTORDER_FLAGS = "";
				TARGET_TEMP_DIR = "/Users/0xceed/Repositories/ycmapper-apple/cmake/build/ycimap.build/$(CONFIGURATION)$(EFFECTIVE_PLATFORM_NAME)";
				USE_HEADERMAP = NO;
				WARNING_CFLAGS = ("$(inherited)");
			};
			name = Debug;
		};
		6206E64F8C5341F9B94F6F49 /* Release */ = {
			isa = XCBuildConfiguration;
			buildSettings = {
				ALWAYS_SEARCH_USER_PATHS = NO;
				ARCHS = arm64;
				COMBINE_HIDPI_IMAGES = YES;
				GCC_GENERATE_DEBUGGING_SYMBOLS = YES;
				GCC_INLINES_ARE_PRIVATE_EXTERN = NO;
				GCC_OPTIMIZATION_LEVEL = 0;
				GCC_PREPROCESSOR_DEFINITIONS = ("'CMAKE_INTDIR=\"$(CONFIGURATION)$(EFFECTIVE_PLATFORM_NAME)\"'","$(inherited)");
				GCC_SYMBOLS_PRIVATE_EXTERN = NO;
				INSTALL_PATH = "";
				ONLY_ACTIVE_ARCH = NO;
				OTHER_LDFLAGS = ("","$(inherited)");
				OTHER_REZFLAGS = "";
				PRODUCT_NAME = ZERO_CHECK;
				SECTORDER_FLAGS = "";
				USE_HEADERMAP = NO;
				WARNING_CFLAGS = ("$(inherited)");
			};
			name = Release;
		};
		69C03724869A4F5EB1E2E369 /* Release */ = {
			isa = XCBuildConfiguration;
			buildSettings = {
				ARCHS = arm64;
				SDKROOT = /Library/Developer/CommandLineTools/SDKs/MacOSX14.2.sdk;
				SWIFT_COMPILATION_MODE = wholemodule;
				SYMROOT = "/Users/0xceed/Repositories/ycmapper-apple/cmake/build";
			};
			name = Release;
		};
		6DD60B59379C4FADB54A3EBE /* MinSizeRel */ = {
			isa = XCBuildConfiguration;
			buildSettings = {
				ALWAYS_SEARCH_USER_PATHS = NO;
				ARCHS = arm64;
				COMBINE_HIDPI_IMAGES = YES;
				GCC_GENERATE_DEBUGGING_SYMBOLS = YES;
				GCC_INLINES_ARE_PRIVATE_EXTERN = NO;
				GCC_OPTIMIZATION_LEVEL = 0;
				GCC_PREPROCESSOR_DEFINITIONS = ("'CMAKE_INTDIR=\"$(CONFIGURATION)$(EFFECTIVE_PLATFORM_NAME)\"'","$(inherited)");
				GCC_SYMBOLS_PRIVATE_EXTERN = NO;
				INSTALL_PATH = "";
				ONLY_ACTIVE_ARCH = NO;
				OTHER_LDFLAGS = ("","$(inherited)");
				OTHER_REZFLAGS = "";
				PRODUCT_NAME = ZERO_CHECK;
				SECTORDER_FLAGS = "";
				USE_HEADERMAP = NO;
				WARNING_CFLAGS = ("$(inherited)");
			};
			name = MinSizeRel;
		};
		8132F1C9398F475AB3EE5098 /* Release */ = {
			isa = XCBuildConfiguration;
			buildSettings = {
				ALWAYS_SEARCH_USER_PATHS = NO;
				ARCHS = arm64;
				COMBINE_HIDPI_IMAGES = YES;
				GCC_GENERATE_DEBUGGING_SYMBOLS = YES;
				GCC_INLINES_ARE_PRIVATE_EXTERN = NO;
				GCC_OPTIMIZATION_LEVEL = 0;
				GCC_PREPROCESSOR_DEFINITIONS = ("'CMAKE_INTDIR=\"$(CONFIGURATION)$(EFFECTIVE_PLATFORM_NAME)\"'","$(inherited)");
				GCC_SYMBOLS_PRIVATE_EXTERN = NO;
				INSTALL_PATH = "";
				ONLY_ACTIVE_ARCH = NO;
				OTHER_LDFLAGS = ("","$(inherited)");
				OTHER_REZFLAGS = "";
				PRODUCT_NAME = install;
				SECTORDER_FLAGS = "";
				USE_HEADERMAP = NO;
				WARNING_CFLAGS = ("$(inherited)");
			};
			name = Release;
		};
		98E3795F437B429993D5CDD1 /* Debug */ = {
			isa = XCBuildConfiguration;
			buildSettings = {
				ARCHS = arm64;
				SDKROOT = /Library/Developer/CommandLineTools/SDKs/MacOSX14.2.sdk;
				SYMROOT = "/Users/0xceed/Repositories/ycmapper-apple/cmake/build";
			};
			name = Debug;
		};
		A06296997B474BFDA981FF60 /* Debug */ = {
			isa = XCBuildConfiguration;
			buildSettings = {
				ALWAYS_SEARCH_USER_PATHS = NO;
				ARCHS = arm64;
				COMBINE_HIDPI_IMAGES = YES;
				GCC_GENERATE_DEBUGGING_SYMBOLS = YES;
				GCC_INLINES_ARE_PRIVATE_EXTERN = NO;
				GCC_OPTIMIZATION_LEVEL = 0;
				GCC_PREPROCESSOR_DEFINITIONS = ("'CMAKE_INTDIR=\"$(CONFIGURATION)$(EFFECTIVE_PLATFORM_NAME)\"'","$(inherited)");
				GCC_SYMBOLS_PRIVATE_EXTERN = NO;
				INSTALL_PATH = "";
				ONLY_ACTIVE_ARCH = NO;
				OTHER_LDFLAGS = ("","$(inherited)");
				OTHER_REZFLAGS = "";
				PRODUCT_NAME = ALL_BUILD;
				SECTORDER_FLAGS = "";
				USE_HEADERMAP = NO;
				WARNING_CFLAGS = ("$(inherited)");
			};
			name = Debug;
		};
		B9571069B0404ADEA2805C83 /* MinSizeRel */ = {
			isa = XCBuildConfiguration;
			buildSettings = {
				ALWAYS_SEARCH_USER_PATHS = NO;
				ARCHS = arm64;
				COMBINE_HIDPI_IMAGES = YES;
				CONFIGURATION_BUILD_DIR = "/Users/0xceed/Repositories/ycmapper-apple/cmake/dependencies/libycenv/dependencies/libycres/examples/ycimap/MinSizeRel";
				EXECUTABLE_PREFIX = "";
				EXECUTABLE_SUFFIX = "";
				GCC_GENERATE_DEBUGGING_SYMBOLS = NO;
				GCC_INLINES_ARE_PRIVATE_EXTERN = NO;
				GCC_OPTIMIZATION_LEVEL = 0;
				GCC_PREPROCESSOR_DEFINITIONS = ("'CMAKE_INTDIR=\"$(CONFIGURATION)$(EFFECTIVE_PLATFORM_NAME)\"'","$(inherited)");
				GCC_SYMBOLS_PRIVATE_EXTERN = NO;
				HEADER_SEARCH_PATHS = ("/Users/0xceed/Repositories/ycmapper-apple/dependencies/libycvid/dependencies/libycenv/dependencies/libycres/examples/ycimap/include","/Users/0xceed/Repositories/ycmapper-apple/dependencies/libycvid/dependencies/libycenv/dependencies/libycres/examples/ycimap/../dependencies/argtable/src","/Users/0xceed/Repositories/ycmapper-apple/dependencies/libycvid/dependencies/libycenv/dependencies/libycres/include","$(inherited)");
				INSTALL_PATH = "";
				ONLY_ACTIVE_ARCH = NO;
				OTHER_CFLAGS = ("'-std=gnu99' -Wall -Wextra -pedantic -Werror ","$(inherited)");
				OTHER_LDFLAGS = (" -Wl,-search_paths_first -Wl,-headerpad_max_install_names","/Users/0xceed/Repositories/ycmapper-apple/cmake/dependencies/libycenv/dependencies/libycres/examples/dependencies/argtable/src/MinSizeRel/libargtable3_static.a","/Users/0xceed/Repositories/ycmapper-apple/cmake/dependencies/libycenv/dependencies/libycres/MinSizeRel/libycres.a","$(inherited)");
				OTHER_REZFLAGS = "";
				PRODUCT_NAME = ycimap;
				SECTORDER_FLAGS = "";
				TARGET_TEMP_DIR = "/Users/0xceed/Repositories/ycmapper-apple/cmake/build/ycimap.build/$(CONFIGURATION)$(EFFECTIVE_PLATFORM_NAME)";
				USE_HEADERMAP = NO;
				WARNING_CFLAGS = ("$(inherited)");
			};
			name = MinSizeRel;
		};
		CFB17DDC6C794B408195C8DA /* Debug */ = {
			isa = XCBuildConfiguration;
			buildSettings = {
				ALWAYS_SEARCH_USER_PATHS = NO;
				ARCHS = arm64;
				COMBINE_HIDPI_IMAGES = YES;
				GCC_GENERATE_DEBUGGING_SYMBOLS = YES;
				GCC_INLINES_ARE_PRIVATE_EXTERN = NO;
				GCC_OPTIMIZATION_LEVEL = 0;
				GCC_PREPROCESSOR_DEFINITIONS = ("'CMAKE_INTDIR=\"$(CONFIGURATION)$(EFFECTIVE_PLATFORM_NAME)\"'","$(inherited)");
				GCC_SYMBOLS_PRIVATE_EXTERN = NO;
				INSTALL_PATH = "";
				ONLY_ACTIVE_ARCH = NO;
				OTHER_LDFLAGS = ("","$(inherited)");
				OTHER_REZFLAGS = "";
				PRODUCT_NAME = install;
				SECTORDER_FLAGS = "";
				USE_HEADERMAP = NO;
				WARNING_CFLAGS = ("$(inherited)");
			};
			name = Debug;
		};
		D45DDE3BF2AF4DC59EA45DCB /* MinSizeRel */ = {
			isa = XCBuildConfiguration;
			buildSettings = {
				ALWAYS_SEARCH_USER_PATHS = NO;
				ARCHS = arm64;
				COMBINE_HIDPI_IMAGES = YES;
				GCC_GENERATE_DEBUGGING_SYMBOLS = YES;
				GCC_INLINES_ARE_PRIVATE_EXTERN = NO;
				GCC_OPTIMIZATION_LEVEL = 0;
				GCC_PREPROCESSOR_DEFINITIONS = ("'CMAKE_INTDIR=\"$(CONFIGURATION)$(EFFECTIVE_PLATFORM_NAME)\"'","$(inherited)");
				GCC_SYMBOLS_PRIVATE_EXTERN = NO;
				INSTALL_PATH = "";
				ONLY_ACTIVE_ARCH = NO;
				OTHER_LDFLAGS = ("","$(inherited)");
				OTHER_REZFLAGS = "";
				PRODUCT_NAME = ALL_BUILD;
				SECTORDER_FLAGS = "";
				USE_HEADERMAP = NO;
				WARNING_CFLAGS = ("$(inherited)");
			};
			name = MinSizeRel;
		};
		E928AD9F249A458DACD3BA0B /* RelWithDebInfo */ = {
			isa = XCBuildConfiguration;
			buildSettings = {
				ARCHS = arm64;
				SDKROOT = /Library/Developer/CommandLineTools/SDKs/MacOSX14.2.sdk;
				SWIFT_COMPILATION_MODE = wholemodule;
				SYMROOT = "/Users/0xceed/Repositories/ycmapper-apple/cmake/build";
			};
			name = RelWithDebInfo;
		};
/* End XCBuildConfiguration section */

/* Begin XCConfigurationList section */
		2560729B00964A55BB778DD4 /* Build configuration list for PBXAggregateTarget "ALL_BUILD" */ = {
			isa = XCConfigurationList;
			buildConfigurations = (
				A06296997B474BFDA981FF60 /* Debug */,
				214FF4B860E145348F6C4143 /* Release */,
				D45DDE3BF2AF4DC59EA45DCB /* MinSizeRel */,
				17D9095AE83045DABC466F60 /* RelWithDebInfo */,
			);
			defaultConfigurationIsVisible = 0;
			defaultConfigurationName = Debug;
		};
		2E16FC1B334D4D9F92D7FEAF /* Build configuration list for PBXNativeTarget "ycimap" */ = {
			isa = XCConfigurationList;
			buildConfigurations = (
				619682DA2E7D47D292F1A32C /* Debug */,
				309093D81D8B497196E92806 /* Release */,
				B9571069B0404ADEA2805C83 /* MinSizeRel */,
				19516EDB882747759CBFB9A0 /* RelWithDebInfo */,
			);
			defaultConfigurationIsVisible = 0;
			defaultConfigurationName = Debug;
		};
		B91DC61597824E3CBD730A9A /* Build configuration list for PBXAggregateTarget "install" */ = {
			isa = XCConfigurationList;
			buildConfigurations = (
				CFB17DDC6C794B408195C8DA /* Debug */,
				8132F1C9398F475AB3EE5098 /* Release */,
				0496EECA1FF94B4BB231EAE1 /* MinSizeRel */,
				131106EF87EF45AD99528C09 /* RelWithDebInfo */,
			);
			defaultConfigurationIsVisible = 0;
			defaultConfigurationName = Debug;
		};
		CE42D9BB18234F37B5CD815E /* Build configuration list for PBXAggregateTarget "ZERO_CHECK" */ = {
			isa = XCConfigurationList;
			buildConfigurations = (
				3A467CC2DB9F4E58B4EE52C4 /* Debug */,
				6206E64F8C5341F9B94F6F49 /* Release */,
				6DD60B59379C4FADB54A3EBE /* MinSizeRel */,
				201CFC8E32E94ADCAB716E43 /* RelWithDebInfo */,
			);
			defaultConfigurationIsVisible = 0;
			defaultConfigurationName = Debug;
		};
		DB26947E164F4B2BB0A26EA5 /* Build configuration list for PBXProject "ycimap" */ = {
			isa = XCConfigurationList;
			buildConfigurations = (
				98E3795F437B429993D5CDD1 /* Debug */,
				69C03724869A4F5EB1E2E369 /* Release */,
				1755A8E96DB6447AAF7869D9 /* MinSizeRel */,
				E928AD9F249A458DACD3BA0B /* RelWithDebInfo */,
			);
			defaultConfigurationIsVisible = 0;
			defaultConfigurationName = Debug;
		};
/* End XCConfigurationList section */
	};
	rootObject = 4A53B9E44EE74F1E8FA324DE /* Project object */;
}
