// !$*UTF8*$!
{
	archiveVersion = 1;
	classes = {
	};
	objectVersion = 46;
	objects = {

/* Begin PBXAggregateTarget section */
		0330CD2517D54DDEB867E607 /* ZERO_CHECK */ = {
			isa = PBXAggregateTarget;
			buildConfigurationList = FF9E563D385040C98B77075E /* Build configuration list for PBXAggregateTarget "ZERO_CHECK" */;
			buildPhases = (
				40B863CF5D9BC9B35786162C /* Generate CMakeFiles/ZERO_CHECK */,
			);
			dependencies = (
			);
			name = ZERO_CHECK;
			productName = ZERO_CHECK;
		};
		248A1CA7E1224C239AB48DBA /* ALL_BUILD */ = {
			isa = PBXAggregateTarget;
			buildConfigurationList = 7EFE066F78A946FF96D796DD /* Build configuration list for PBXAggregateTarget "ALL_BUILD" */;
			buildPhases = (
				4911C2C4435CE8EA94EF3F84 /* Generate CMakeFiles/ALL_BUILD */,
			);
			dependencies = (
				1D0630E91F9A4AB6A525C9EC /* PBXTargetDependency */,
				86703F1CD1F840E7A68C5DBA /* PBXTargetDependency */,
			);
			name = ALL_BUILD;
			productName = ALL_BUILD;
		};
		EFB49F870FD54AD298B079A7 /* install */ = {
			isa = PBXAggregateTarget;
			buildConfigurationList = 9937F7EB96414B139227187C /* Build configuration list for PBXAggregateTarget "install" */;
			buildPhases = (
				93426DA6A4AC2C2AC9CE883C /* CMake PostBuild Rules */,
			);
			dependencies = (
				6A0C3F859A174013A22A6537 /* PBXTargetDependency */,
			);
			name = install;
			productName = install;
		};
/* End PBXAggregateTarget section */

/* Begin PBXBuildFile section */
		A4FA504144634B0AA0083796 /* /Users/0xceed/Repositories/ycmapper-apple/dependencies/libycvid/dependencies/libycenv/dependencies/libycres/examples/ycimsg/source/main.c */ = {isa = PBXBuildFile; fileRef = D010C252016D4F13BB4EB7C0 /* /Users/0xceed/Repositories/ycmapper-apple/dependencies/libycvid/dependencies/libycenv/dependencies/libycres/examples/ycimsg/source/main.c */; };
		CF97F5001F404533B6BA4456 /* /Users/0xceed/Repositories/ycmapper-apple/dependencies/libycvid/dependencies/libycenv/dependencies/libycres/examples/ycimsg/CMakeLists.txt */ = {isa = PBXBuildFile; fileRef = 224D099CC3434503A16BEEAB /* /Users/0xceed/Repositories/ycmapper-apple/dependencies/libycvid/dependencies/libycenv/dependencies/libycres/examples/ycimsg/CMakeLists.txt */; };
/* End PBXBuildFile section */

/* Begin PBXBuildStyle section */
		44CF73010382409A808C0A37 /* Debug */ = {
			isa = PBXBuildStyle;
			buildSettings = {
				COPY_PHASE_STRIP = NO;
			};
			name = Debug;
		};
		6B0D3F6B246345AFB559C680 /* Release */ = {
			isa = PBXBuildStyle;
			buildSettings = {
				COPY_PHASE_STRIP = NO;
			};
			name = Release;
		};
		6D6F16AD0DB44D04815A6B50 /* RelWithDebInfo */ = {
			isa = PBXBuildStyle;
			buildSettings = {
				COPY_PHASE_STRIP = NO;
			};
			name = RelWithDebInfo;
		};
		7D103E52F8424468AB5396D4 /* MinSizeRel */ = {
			isa = PBXBuildStyle;
			buildSettings = {
				COPY_PHASE_STRIP = NO;
			};
			name = MinSizeRel;
		};
/* End PBXBuildStyle section */

/* Begin PBXContainerItemProxy section */
		1D14E20E8E094CC5B241BE22 /* PBXContainerItemProxy */ = {
			isa = PBXContainerItemProxy;
			containerPortal = C865C54ED86148628FE02023 /* Project object */;
			proxyType = 1;
			remoteGlobalIDString = 248A1CA7E1224C239AB48DBA;
			remoteInfo = ALL_BUILD;
		};
		289996C80308451BA9AFA339 /* PBXContainerItemProxy */ = {
			isa = PBXContainerItemProxy;
			containerPortal = C865C54ED86148628FE02023 /* Project object */;
			proxyType = 1;
			remoteGlobalIDString = 96C09E9C71AC40BDBE3D7A1C;
			remoteInfo = ycimsg;
		};
		5D236E1F96814451A3C77F85 /* PBXContainerItemProxy */ = {
			isa = PBXContainerItemProxy;
			containerPortal = C865C54ED86148628FE02023 /* Project object */;
			proxyType = 1;
			remoteGlobalIDString = 0330CD2517D54DDEB867E607;
			remoteInfo = ZERO_CHECK;
		};
		B246AD4CC7DF4CF8BB70493B /* PBXContainerItemProxy */ = {
			isa = PBXContainerItemProxy;
			containerPortal = C865C54ED86148628FE02023 /* Project object */;
			proxyType = 1;
			remoteGlobalIDString = 0330CD2517D54DDEB867E607;
			remoteInfo = ZERO_CHECK;
		};
/* End PBXContainerItemProxy section */

/* Begin PBXFileReference section */
		224D099CC3434503A16BEEAB /* /Users/0xceed/Repositories/ycmapper-apple/dependencies/libycvid/dependencies/libycenv/dependencies/libycres/examples/ycimsg/CMakeLists.txt */ = {isa = PBXFileReference; explicitFileType = sourcecode.text; fileEncoding = 4; name = CMakeLists.txt; path = CMakeLists.txt; sourceTree = SOURCE_ROOT; };
		B83844473F38415CB2AD154E /* /Users/0xceed/Repositories/ycmapper-apple/dependencies/libycvid/dependencies/libycenv/dependencies/libycres/examples/ycimsg/CMakeLists.txt */ = {isa = PBXFileReference; explicitFileType = sourcecode.text; fileEncoding = 4; name = CMakeLists.txt; path = CMakeLists.txt; sourceTree = SOURCE_ROOT; };
		CFD9D6069A534D72BD3911DA /* ycimsg */ = {isa = PBXFileReference; explicitFileType = "compiled.mach-o.executable"; path = ycimsg; sourceTree = BUILT_PRODUCTS_DIR; };
		D010C252016D4F13BB4EB7C0 /* /Users/0xceed/Repositories/ycmapper-apple/dependencies/libycvid/dependencies/libycenv/dependencies/libycres/examples/ycimsg/source/main.c */ = {isa = PBXFileReference; explicitFileType = sourcecode.c.c; fileEncoding = 4; name = main.c; path = source/main.c; sourceTree = SOURCE_ROOT; };
/* End PBXFileReference section */

/* Begin PBXFrameworksBuildPhase section */
		7B2527199E384DC4ADCA9611 /* Frameworks */ = {
			isa = PBXFrameworksBuildPhase;
			buildActionMask = 2147483647;
			files = (
			);
			runOnlyForDeploymentPostprocessing = 0;
		};
/* End PBXFrameworksBuildPhase section */

/* Begin PBXGroup section */
		6188E3B1A63143F0AA8BAC40 /* Frameworks */ = {
			isa = PBXGroup;
			children = (
			);
			name = Frameworks;
			sourceTree = "<group>";
		};
		660FCFD80C9D42A4B31FA04B /* ycimsg */ = {
			isa = PBXGroup;
			children = (
				EF6FBD42251E431F87CC0852 /* Source Files */,
				224D099CC3434503A16BEEAB /* /Users/0xceed/Repositories/ycmapper-apple/dependencies/libycvid/dependencies/libycenv/dependencies/libycres/examples/ycimsg/CMakeLists.txt */,
			);
			name = ycimsg;
			sourceTree = "<group>";
		};
		A7ACDC300D1D4C1FAFDA60EC = {
			isa = PBXGroup;
			children = (
				660FCFD80C9D42A4B31FA04B /* ycimsg */,
				EE89DE2CCB4B479F82EE953E /* ALL_BUILD */,
				D6CF78B64BC249EA888EBC4B /* Products */,
				6188E3B1A63143F0AA8BAC40 /* Frameworks */,
				ECC3D16302BD429386F5242F /* Resources */,
			);
			sourceTree = "<group>";
		};
		D6CF78B64BC249EA888EBC4B /* Products */ = {
			isa = PBXGroup;
			children = (
				CFD9D6069A534D72BD3911DA /* ycimsg */,
			);
			name = Products;
			sourceTree = "<group>";
		};
		E4BA818CB74848A69D5E820E /* CMake Rules */ = {
			isa = PBXGroup;
			children = (
			);
			name = "CMake Rules";
			sourceTree = "<group>";
		};
		ECC3D16302BD429386F5242F /* Resources */ = {
			isa = PBXGroup;
			children = (
			);
			name = Resources;
			sourceTree = "<group>";
		};
		EE89DE2CCB4B479F82EE953E /* ALL_BUILD */ = {
			isa = PBXGroup;
			children = (
				E4BA818CB74848A69D5E820E /* CMake Rules */,
				B83844473F38415CB2AD154E /* /Users/0xceed/Repositories/ycmapper-apple/dependencies/libycvid/dependencies/libycenv/dependencies/libycres/examples/ycimsg/CMakeLists.txt */,
			);
			name = ALL_BUILD;
			sourceTree = "<group>";
		};
		EF6FBD42251E431F87CC0852 /* Source Files */ = {
			isa = PBXGroup;
			children = (
				D010C252016D4F13BB4EB7C0 /* /Users/0xceed/Repositories/ycmapper-apple/dependencies/libycvid/dependencies/libycenv/dependencies/libycres/examples/ycimsg/source/main.c */,
			);
			name = "Source Files";
			sourceTree = "<group>";
		};
/* End PBXGroup section */

/* Begin PBXNativeTarget section */
		96C09E9C71AC40BDBE3D7A1C /* ycimsg */ = {
			isa = PBXNativeTarget;
			buildConfigurationList = F54724BB492F4A55AA5FECF6 /* Build configuration list for PBXNativeTarget "ycimsg" */;
			buildPhases = (
				859FF66075D64D95845E0D42 /* Sources */,
				7B2527199E384DC4ADCA9611 /* Frameworks */,
			);
			buildRules = (
			);
			dependencies = (
				6CC5987F0E9143B781A44690 /* PBXTargetDependency */,
			);
			name = ycimsg;
			productName = ycimsg;
			productReference = CFD9D6069A534D72BD3911DA /* ycimsg */;
			productType = "com.apple.product-type.tool";
		};
/* End PBXNativeTarget section */

/* Begin PBXProject section */
		C865C54ED86148628FE02023 /* Project object */ = {
			isa = PBXProject;
			attributes = {
				BuildIndependentTargetsInParallel = YES;
				LastUpgradeCheck = 1520;
			};
			buildConfigurationList = BCDFB44A44DB4526914EEAC8 /* Build configuration list for PBXProject "ycimsg" */;
			buildSettings = {
			};
			buildStyles = (
				44CF73010382409A808C0A37 /* Debug */,
				6B0D3F6B246345AFB559C680 /* Release */,
				7D103E52F8424468AB5396D4 /* MinSizeRel */,
				6D6F16AD0DB44D04815A6B50 /* RelWithDebInfo */,
			);
			compatibilityVersion = "Xcode 3.2";
			hasScannedForEncodings = 0;
			mainGroup = A7ACDC300D1D4C1FAFDA60EC;
			projectDirPath = "/Users/0xceed/Repositories/ycmapper-apple/dependencies/libycvid/dependencies/libycenv/dependencies/libycres/examples/ycimsg";
			projectRoot = "";
			targets = (
				248A1CA7E1224C239AB48DBA /* ALL_BUILD */,
				0330CD2517D54DDEB867E607 /* ZERO_CHECK */,
				EFB49F870FD54AD298B079A7 /* install */,
				96C09E9C71AC40BDBE3D7A1C /* ycimsg */,
			);
		};
/* End PBXProject section */

/* Begin PBXShellScriptBuildPhase section */
		3C0110FC8322DE7E50886E21 = {
			isa = PBXShellScriptBuildPhase;
			buildActionMask = 2147483647;
			files = (
			);
			inputPaths = (
			);
			outputPaths = (
			);
			runOnlyForDeploymentPostprocessing = 0;
			shellPath = /bin/sh;
			shellScript = "# shell script goes here
exit 0";
			showEnvVarsInLog = 0;
		};
		40B863CF5D9BC9B35786162C /* Generate CMakeFiles/ZERO_CHECK */ = {
			isa = PBXShellScriptBuildPhase;
			alwaysOutOfDate = 1;
			buildActionMask = 2147483647;
			files = (
			);
			inputPaths = (
			);
			name = "Generate CMakeFiles/ZERO_CHECK";
			outputPaths = (
"/Users/0xceed/Repositories/ycmapper-apple/cmake/dependencies/libycenv/dependencies/libycres/examples/ycimsg/CMakeFiles/ZERO_CHECK"			);
			runOnlyForDeploymentPostprocessing = 0;
			shellPath = /bin/sh;
			shellScript = "set -e
if test \"$CONFIGURATION\" = \"Debug\"; then :
  cd /Users/0xceed/Repositories/ycmapper-apple/cmake/dependencies/libycenv/dependencies/libycres/examples/ycimsg
  make -f /Users/0xceed/Repositories/ycmapper-apple/cmake/dependencies/libycenv/dependencies/libycres/examples/ycimsg/CMakeScripts/ReRunCMake.make
fi
if test \"$CONFIGURATION\" = \"Release\"; then :
  cd /Users/0xceed/Repositories/ycmapper-apple/cmake/dependencies/libycenv/dependencies/libycres/examples/ycimsg
  make -f /Users/0xceed/Repositories/ycmapper-apple/cmake/dependencies/libycenv/dependencies/libycres/examples/ycimsg/CMakeScripts/ReRunCMake.make
fi
if test \"$CONFIGURATION\" = \"MinSizeRel\"; then :
  cd /Users/0xceed/Repositories/ycmapper-apple/cmake/dependencies/libycenv/dependencies/libycres/examples/ycimsg
  make -f /Users/0xceed/Repositories/ycmapper-apple/cmake/dependencies/libycenv/dependencies/libycres/examples/ycimsg/CMakeScripts/ReRunCMake.make
fi
if test \"$CONFIGURATION\" = \"RelWithDebInfo\"; then :
  cd /Users/0xceed/Repositories/ycmapper-apple/cmake/dependencies/libycenv/dependencies/libycres/examples/ycimsg
  make -f /Users/0xceed/Repositories/ycmapper-apple/cmake/dependencies/libycenv/dependencies/libycres/examples/ycimsg/CMakeScripts/ReRunCMake.make
fi
";
			showEnvVarsInLog = 0;
		};
		4911C2C4435CE8EA94EF3F84 /* Generate CMakeFiles/ALL_BUILD */ = {
			isa = PBXShellScriptBuildPhase;
			alwaysOutOfDate = 1;
			buildActionMask = 2147483647;
			files = (
			);
			inputPaths = (
			);
			name = "Generate CMakeFiles/ALL_BUILD";
			outputPaths = (
"/Users/0xceed/Repositories/ycmapper-apple/cmake/dependencies/libycenv/dependencies/libycres/examples/ycimsg/CMakeFiles/ALL_BUILD"			);
			runOnlyForDeploymentPostprocessing = 0;
			shellPath = /bin/sh;
			shellScript = "set -e
if test \"$CONFIGURATION\" = \"Debug\"; then :
  cd /Users/0xceed/Repositories/ycmapper-apple/cmake/dependencies/libycenv/dependencies/libycres/examples/ycimsg
  /Users/0xceed/Repositories/ycmapper-apple/cmake/dependencies/libycenv/dependencies/libycres/examples/dependencies/argtable/examples/Debug/echo Build\\ all\\ projects
fi
if test \"$CONFIGURATION\" = \"Release\"; then :
  cd /Users/0xceed/Repositories/ycmapper-apple/cmake/dependencies/libycenv/dependencies/libycres/examples/ycimsg
  /Users/0xceed/Repositories/ycmapper-apple/cmake/dependencies/libycenv/dependencies/libycres/examples/dependencies/argtable/examples/Release/echo Build\\ all\\ projects
fi
if test \"$CONFIGURATION\" = \"MinSizeRel\"; then :
  cd /Users/0xceed/Repositories/ycmapper-apple/cmake/dependencies/libycenv/dependencies/libycres/examples/ycimsg
  /Users/0xceed/Repositories/ycmapper-apple/cmake/dependencies/libycenv/dependencies/libycres/examples/dependencies/argtable/examples/MinSizeRel/echo Build\\ all\\ projects
fi
if test \"$CONFIGURATION\" = \"RelWithDebInfo\"; then :
  cd /Users/0xceed/Repositories/ycmapper-apple/cmake/dependencies/libycenv/dependencies/libycres/examples/ycimsg
  /Users/0xceed/Repositories/ycmapper-apple/cmake/dependencies/libycenv/dependencies/libycres/examples/dependencies/argtable/examples/RelWithDebInfo/echo Build\\ all\\ projects
fi
";
			showEnvVarsInLog = 0;
		};
		87AF4882E018677E2624B544 = {
			isa = PBXShellScriptBuildPhase;
			buildActionMask = 2147483647;
			files = (
			);
			inputPaths = (
			);
			outputPaths = (
			);
			runOnlyForDeploymentPostprocessing = 0;
			shellPath = /bin/sh;
			shellScript = "# shell script goes here
exit 0";
			showEnvVarsInLog = 0;
		};
		93426DA6A4AC2C2AC9CE883C /* CMake PostBuild Rules */ = {
			isa = PBXShellScriptBuildPhase;
			alwaysOutOfDate = 1;
			buildActionMask = 2147483647;
			files = (
			);
			name = "CMake PostBuild Rules";
			outputPaths = (
			);
			runOnlyForDeploymentPostprocessing = 0;
			shellPath = /bin/sh;
			shellScript = "set -e
if test \"$CONFIGURATION\" = \"Debug\"; then :
  cd /Users/0xceed/Repositories/ycmapper-apple/cmake/dependencies/libycenv/dependencies/libycres/examples/ycimsg
  /opt/homebrew/Cellar/cmake/3.28.1/bin/cmake -DBUILD_TYPE=$CONFIGURATION$EFFECTIVE_PLATFORM_NAME -P cmake_install.cmake
fi
if test \"$CONFIGURATION\" = \"Release\"; then :
  cd /Users/0xceed/Repositories/ycmapper-apple/cmake/dependencies/libycenv/dependencies/libycres/examples/ycimsg
  /opt/homebrew/Cellar/cmake/3.28.1/bin/cmake -DBUILD_TYPE=$CONFIGURATION$EFFECTIVE_PLATFORM_NAME -P cmake_install.cmake
fi
if test \"$CONFIGURATION\" = \"MinSizeRel\"; then :
  cd /Users/0xceed/Repositories/ycmapper-apple/cmake/dependencies/libycenv/dependencies/libycres/examples/ycimsg
  /opt/homebrew/Cellar/cmake/3.28.1/bin/cmake -DBUILD_TYPE=$CONFIGURATION$EFFECTIVE_PLATFORM_NAME -P cmake_install.cmake
fi
if test \"$CONFIGURATION\" = \"RelWithDebInfo\"; then :
  cd /Users/0xceed/Repositories/ycmapper-apple/cmake/dependencies/libycenv/dependencies/libycres/examples/ycimsg
  /opt/homebrew/Cellar/cmake/3.28.1/bin/cmake -DBUILD_TYPE=$CONFIGURATION$EFFECTIVE_PLATFORM_NAME -P cmake_install.cmake
fi
";
			showEnvVarsInLog = 0;
		};
		9B50530E35CC49C82C2FACCF = {
			isa = PBXShellScriptBuildPhase;
			buildActionMask = 2147483647;
			files = (
			);
			inputPaths = (
			);
			outputPaths = (
			);
			runOnlyForDeploymentPostprocessing = 0;
			shellPath = /bin/sh;
			shellScript = "# shell script goes here
exit 0";
			showEnvVarsInLog = 0;
		};
/* End PBXShellScriptBuildPhase section */

/* Begin PBXSourcesBuildPhase section */
		859FF66075D64D95845E0D42 /* Sources */ = {
			isa = PBXSourcesBuildPhase;
			buildActionMask = 2147483647;
			files = (
				A4FA504144634B0AA0083796 /* /Users/0xceed/Repositories/ycmapper-apple/dependencies/libycvid/dependencies/libycenv/dependencies/libycres/examples/ycimsg/source/main.c */,
			);
			runOnlyForDeploymentPostprocessing = 0;
		};
/* End PBXSourcesBuildPhase section */

/* Begin PBXTargetDependency section */
		1D0630E91F9A4AB6A525C9EC /* PBXTargetDependency */ = {
			isa = PBXTargetDependency;
			target = 96C09E9C71AC40BDBE3D7A1C /* ycimsg */;
			targetProxy = 289996C80308451BA9AFA339 /* PBXContainerItemProxy */;
		};
		6A0C3F859A174013A22A6537 /* PBXTargetDependency */ = {
			isa = PBXTargetDependency;
			target = 248A1CA7E1224C239AB48DBA /* ALL_BUILD */;
			targetProxy = 1D14E20E8E094CC5B241BE22 /* PBXContainerItemProxy */;
		};
		6CC5987F0E9143B781A44690 /* PBXTargetDependency */ = {
			isa = PBXTargetDependency;
			target = 0330CD2517D54DDEB867E607 /* ZERO_CHECK */;
			targetProxy = 5D236E1F96814451A3C77F85 /* PBXContainerItemProxy */;
		};
		86703F1CD1F840E7A68C5DBA /* PBXTargetDependency */ = {
			isa = PBXTargetDependency;
			target = 0330CD2517D54DDEB867E607 /* ZERO_CHECK */;
			targetProxy = B246AD4CC7DF4CF8BB70493B /* PBXContainerItemProxy */;
		};
/* End PBXTargetDependency section */

/* Begin XCBuildConfiguration section */
		17FF372EB7624AD09A095187 /* MinSizeRel */ = {
			isa = XCBuildConfiguration;
			buildSettings = {
				ALWAYS_SEARCH_USER_PATHS = NO;
				ARCHS = arm64;
				COMBINE_HIDPI_IMAGES = YES;
				GCC_GENERATE_DEBUGGING_SYMBOLS = YES;
				GCC_INLINES_ARE_PRIVATE_EXTERN = NO;
				GCC_OPTIMIZATION_LEVEL = 0;
				GCC_PREPROCESSOR_DEFINITIONS = ("'CMAKE_INTDIR=\"$(CONFIGURATION)$(EFFECTIVE_PLATFORM_NAME)\"'","$(inherited)");
				GCC_SYMBOLS_PRIVATE_EXTERN = NO;
				INSTALL_PATH = "";
				ONLY_ACTIVE_ARCH = NO;
				OTHER_LDFLAGS = ("","$(inherited)");
				OTHER_REZFLAGS = "";
				PRODUCT_NAME = install;
				SECTORDER_FLAGS = "";
				USE_HEADERMAP = NO;
				WARNING_CFLAGS = ("$(inherited)");
			};
			name = MinSizeRel;
		};
		1B8320C4E3D34EE284FAE2C7 /* RelWithDebInfo */ = {
			isa = XCBuildConfiguration;
			buildSettings = {
				ALWAYS_SEARCH_USER_PATHS = NO;
				ARCHS = arm64;
				COMBINE_HIDPI_IMAGES = YES;
				GCC_GENERATE_DEBUGGING_SYMBOLS = YES;
				GCC_INLINES_ARE_PRIVATE_EXTERN = NO;
				GCC_OPTIMIZATION_LEVEL = 0;
				GCC_PREPROCESSOR_DEFINITIONS = ("'CMAKE_INTDIR=\"$(CONFIGURATION)$(EFFECTIVE_PLATFORM_NAME)\"'","$(inherited)");
				GCC_SYMBOLS_PRIVATE_EXTERN = NO;
				INSTALL_PATH = "";
				ONLY_ACTIVE_ARCH = NO;
				OTHER_LDFLAGS = ("","$(inherited)");
				OTHER_REZFLAGS = "";
				PRODUCT_NAME = ALL_BUILD;
				SECTORDER_FLAGS = "";
				USE_HEADERMAP = NO;
				WARNING_CFLAGS = ("$(inherited)");
			};
			name = RelWithDebInfo;
		};
		22EEC24B89204F6E82F4078E /* Release */ = {
			isa = XCBuildConfiguration;
			buildSettings = {
				ALWAYS_SEARCH_USER_PATHS = NO;
				ARCHS = arm64;
				COMBINE_HIDPI_IMAGES = YES;
				GCC_GENERATE_DEBUGGING_SYMBOLS = YES;
				GCC_INLINES_ARE_PRIVATE_EXTERN = NO;
				GCC_OPTIMIZATION_LEVEL = 0;
				GCC_PREPROCESSOR_DEFINITIONS = ("'CMAKE_INTDIR=\"$(CONFIGURATION)$(EFFECTIVE_PLATFORM_NAME)\"'","$(inherited)");
				GCC_SYMBOLS_PRIVATE_EXTERN = NO;
				INSTALL_PATH = "";
				ONLY_ACTIVE_ARCH = NO;
				OTHER_LDFLAGS = ("","$(inherited)");
				OTHER_REZFLAGS = "";
				PRODUCT_NAME = ZERO_CHECK;
				SECTORDER_FLAGS = "";
				USE_HEADERMAP = NO;
				WARNING_CFLAGS = ("$(inherited)");
			};
			name = Release;
		};
		36F309C4E6DC4ABAAA9707DA /* RelWithDebInfo */ = {
			isa = XCBuildConfiguration;
			buildSettings = {
				ALWAYS_SEARCH_USER_PATHS = NO;
				ARCHS = arm64;
				COMBINE_HIDPI_IMAGES = YES;
				CONFIGURATION_BUILD_DIR = "/Users/0xceed/Repositories/ycmapper-apple/cmake/dependencies/libycenv/dependencies/libycres/examples/ycimsg/RelWithDebInfo";
				EXECUTABLE_PREFIX = "";
				EXECUTABLE_SUFFIX = "";
				GCC_GENERATE_DEBUGGING_SYMBOLS = NO;
				GCC_INLINES_ARE_PRIVATE_EXTERN = NO;
				GCC_OPTIMIZATION_LEVEL = 0;
				GCC_PREPROCESSOR_DEFINITIONS = ("'CMAKE_INTDIR=\"$(CONFIGURATION)$(EFFECTIVE_PLATFORM_NAME)\"'","$(inherited)");
				GCC_SYMBOLS_PRIVATE_EXTERN = NO;
				HEADER_SEARCH_PATHS = ("/Users/0xceed/Repositories/ycmapper-apple/dependencies/libycvid/dependencies/libycenv/dependencies/libycres/examples/ycimsg/include","/Users/0xceed/Repositories/ycmapper-apple/dependencies/libycvid/dependencies/libycenv/dependencies/libycres/examples/ycimsg/../dependencies/argtable/src","/Users/0xceed/Repositories/ycmapper-apple/dependencies/libycvid/dependencies/libycenv/dependencies/libycres/include","$(inherited)");
				INSTALL_PATH = "";
				ONLY_ACTIVE_ARCH = NO;
				OTHER_CFLAGS = ("'-std=gnu99' -Wall -Wextra -pedantic -Werror ","$(inherited)");
				OTHER_LDFLAGS = (" -Wl,-search_paths_first -Wl,-headerpad_max_install_names","/Users/0xceed/Repositories/ycmapper-apple/cmake/dependencies/libycenv/dependencies/libycres/examples/dependencies/argtable/src/RelWithDebInfo/libargtable3_static.a","/Users/0xceed/Repositories/ycmapper-apple/cmake/dependencies/libycenv/dependencies/libycres/RelWithDebInfo/libycres.a","$(inherited)");
				OTHER_REZFLAGS = "";
				PRODUCT_NAME = ycimsg;
				SECTORDER_FLAGS = "";
				TARGET_TEMP_DIR = "/Users/0xceed/Repositories/ycmapper-apple/cmake/build/ycimsg.build/$(CONFIGURATION)$(EFFECTIVE_PLATFORM_NAME)";
				USE_HEADERMAP = NO;
				WARNING_CFLAGS = ("$(inherited)");
			};
			name = RelWithDebInfo;
		};
		434E3F6D2C044DAAA7918A53 /* MinSizeRel */ = {
			isa = XCBuildConfiguration;
			buildSettings = {
				ARCHS = arm64;
				SDKROOT = /Library/Developer/CommandLineTools/SDKs/MacOSX14.2.sdk;
				SWIFT_COMPILATION_MODE = wholemodule;
				SYMROOT = "/Users/0xceed/Repositories/ycmapper-apple/cmake/build";
			};
			name = MinSizeRel;
		};
		4EEAE423E830404287BEFF0B /* RelWithDebInfo */ = {
			isa = XCBuildConfiguration;
			buildSettings = {
				ARCHS = arm64;
				SDKROOT = /Library/Developer/CommandLineTools/SDKs/MacOSX14.2.sdk;
				SWIFT_COMPILATION_MODE = wholemodule;
				SYMROOT = "/Users/0xceed/Repositories/ycmapper-apple/cmake/build";
			};
			name = RelWithDebInfo;
		};
		51CBB47E58894549841ECEB4 /* Debug */ = {
			isa = XCBuildConfiguration;
			buildSettings = {
				ALWAYS_SEARCH_USER_PATHS = NO;
				ARCHS = arm64;
				COMBINE_HIDPI_IMAGES = YES;
				GCC_GENERATE_DEBUGGING_SYMBOLS = YES;
				GCC_INLINES_ARE_PRIVATE_EXTERN = NO;
				GCC_OPTIMIZATION_LEVEL = 0;
				GCC_PREPROCESSOR_DEFINITIONS = ("'CMAKE_INTDIR=\"$(CONFIGURATION)$(EFFECTIVE_PLATFORM_NAME)\"'","$(inherited)");
				GCC_SYMBOLS_PRIVATE_EXTERN = NO;
				INSTALL_PATH = "";
				ONLY_ACTIVE_ARCH = NO;
				OTHER_LDFLAGS = ("","$(inherited)");
				OTHER_REZFLAGS = "";
				PRODUCT_NAME = install;
				SECTORDER_FLAGS = "";
				USE_HEADERMAP = NO;
				WARNING_CFLAGS = ("$(inherited)");
			};
			name = Debug;
		};
		66293D03CE074346936AA0AD /* MinSizeRel */ = {
			isa = XCBuildConfiguration;
			buildSettings = {
				ALWAYS_SEARCH_USER_PATHS = NO;
				ARCHS = arm64;
				COMBINE_HIDPI_IMAGES = YES;
				GCC_GENERATE_DEBUGGING_SYMBOLS = YES;
				GCC_INLINES_ARE_PRIVATE_EXTERN = NO;
				GCC_OPTIMIZATION_LEVEL = 0;
				GCC_PREPROCESSOR_DEFINITIONS = ("'CMAKE_INTDIR=\"$(CONFIGURATION)$(EFFECTIVE_PLATFORM_NAME)\"'","$(inherited)");
				GCC_SYMBOLS_PRIVATE_EXTERN = NO;
				INSTALL_PATH = "";
				ONLY_ACTIVE_ARCH = NO;
				OTHER_LDFLAGS = ("","$(inherited)");
				OTHER_REZFLAGS = "";
				PRODUCT_NAME = ALL_BUILD;
				SECTORDER_FLAGS = "";
				USE_HEADERMAP = NO;
				WARNING_CFLAGS = ("$(inherited)");
			};
			name = MinSizeRel;
		};
		6E8C3D7C99F74E2FA2C54BE1 /* Release */ = {
			isa = XCBuildConfiguration;
			buildSettings = {
				ARCHS = arm64;
				SDKROOT = /Library/Developer/CommandLineTools/SDKs/MacOSX14.2.sdk;
				SWIFT_COMPILATION_MODE = wholemodule;
				SYMROOT = "/Users/0xceed/Repositories/ycmapper-apple/cmake/build";
			};
			name = Release;
		};
		949D522E8833400EAE0BF35A /* Debug */ = {
			isa = XCBuildConfiguration;
			buildSettings = {
				ALWAYS_SEARCH_USER_PATHS = NO;
				ARCHS = arm64;
				COMBINE_HIDPI_IMAGES = YES;
				CONFIGURATION_BUILD_DIR = "/Users/0xceed/Repositories/ycmapper-apple/cmake/dependencies/libycenv/dependencies/libycres/examples/ycimsg/Debug";
				EXECUTABLE_PREFIX = "";
				EXECUTABLE_SUFFIX = "";
				GCC_GENERATE_DEBUGGING_SYMBOLS = NO;
				GCC_INLINES_ARE_PRIVATE_EXTERN = NO;
				GCC_OPTIMIZATION_LEVEL = 0;
				GCC_PREPROCESSOR_DEFINITIONS = ("'CMAKE_INTDIR=\"$(CONFIGURATION)$(EFFECTIVE_PLATFORM_NAME)\"'","$(inherited)");
				GCC_SYMBOLS_PRIVATE_EXTERN = NO;
				HEADER_SEARCH_PATHS = ("/Users/0xceed/Repositories/ycmapper-apple/dependencies/libycvid/dependencies/libycenv/dependencies/libycres/examples/ycimsg/include","/Users/0xceed/Repositories/ycmapper-apple/dependencies/libycvid/dependencies/libycenv/dependencies/libycres/examples/ycimsg/../dependencies/argtable/src","/Users/0xceed/Repositories/ycmapper-apple/dependencies/libycvid/dependencies/libycenv/dependencies/libycres/include","$(inherited)");
				INSTALL_PATH = "";
				ONLY_ACTIVE_ARCH = NO;
				OTHER_CFLAGS = ("'-std=gnu99' -Wall -Wextra -pedantic -Werror ","$(inherited)");
				OTHER_LDFLAGS = (" -Wl,-search_paths_first -Wl,-headerpad_max_install_names","/Users/0xceed/Repositories/ycmapper-apple/cmake/dependencies/libycenv/dependencies/libycres/examples/dependencies/argtable/src/Debug/libargtable3_staticd.a","/Users/0xceed/Repositories/ycmapper-apple/cmake/dependencies/libycenv/dependencies/libycres/Debug/libycres.a","$(inherited)");
				OTHER_REZFLAGS = "";
				PRODUCT_NAME = ycimsg;
				SECTORDER_FLAGS = "";
				TARGET_TEMP_DIR = "/Users/0xceed/Repositories/ycmapper-apple/cmake/build/ycimsg.build/$(CONFIGURATION)$(EFFECTIVE_PLATFORM_NAME)";
				USE_HEADERMAP = NO;
				WARNING_CFLAGS = ("$(inherited)");
			};
			name = Debug;
		};
		A20C4BE35B6D45289C645EBF /* MinSizeRel */ = {
			isa = XCBuildConfiguration;
			buildSettings = {
				ALWAYS_SEARCH_USER_PATHS = NO;
				ARCHS = arm64;
				COMBINE_HIDPI_IMAGES = YES;
				CONFIGURATION_BUILD_DIR = "/Users/0xceed/Repositories/ycmapper-apple/cmake/dependencies/libycenv/dependencies/libycres/examples/ycimsg/MinSizeRel";
				EXECUTABLE_PREFIX = "";
				EXECUTABLE_SUFFIX = "";
				GCC_GENERATE_DEBUGGING_SYMBOLS = NO;
				GCC_INLINES_ARE_PRIVATE_EXTERN = NO;
				GCC_OPTIMIZATION_LEVEL = 0;
				GCC_PREPROCESSOR_DEFINITIONS = ("'CMAKE_INTDIR=\"$(CONFIGURATION)$(EFFECTIVE_PLATFORM_NAME)\"'","$(inherited)");
				GCC_SYMBOLS_PRIVATE_EXTERN = NO;
				HEADER_SEARCH_PATHS = ("/Users/0xceed/Repositories/ycmapper-apple/dependencies/libycvid/dependencies/libycenv/dependencies/libycres/examples/ycimsg/include","/Users/0xceed/Repositories/ycmapper-apple/dependencies/libycvid/dependencies/libycenv/dependencies/libycres/examples/ycimsg/../dependencies/argtable/src","/Users/0xceed/Repositories/ycmapper-apple/dependencies/libycvid/dependencies/libycenv/dependencies/libycres/include","$(inherited)");
				INSTALL_PATH = "";
				ONLY_ACTIVE_ARCH = NO;
				OTHER_CFLAGS = ("'-std=gnu99' -Wall -Wextra -pedantic -Werror ","$(inherited)");
				OTHER_LDFLAGS = (" -Wl,-search_paths_first -Wl,-headerpad_max_install_names","/Users/0xceed/Repositories/ycmapper-apple/cmake/dependencies/libycenv/dependencies/libycres/examples/dependencies/argtable/src/MinSizeRel/libargtable3_static.a","/Users/0xceed/Repositories/ycmapper-apple/cmake/dependencies/libycenv/dependencies/libycres/MinSizeRel/libycres.a","$(inherited)");
				OTHER_REZFLAGS = "";
				PRODUCT_NAME = ycimsg;
				SECTORDER_FLAGS = "";
				TARGET_TEMP_DIR = "/Users/0xceed/Repositories/ycmapper-apple/cmake/build/ycimsg.build/$(CONFIGURATION)$(EFFECTIVE_PLATFORM_NAME)";
				USE_HEADERMAP = NO;
				WARNING_CFLAGS = ("$(inherited)");
			};
			name = MinSizeRel;
		};
		B29C7F2FDADA4207887937DC /* Debug */ = {
			isa = XCBuildConfiguration;
			buildSettings = {
				ALWAYS_SEARCH_USER_PATHS = NO;
				ARCHS = arm64;
				COMBINE_HIDPI_IMAGES = YES;
				GCC_GENERATE_DEBUGGING_SYMBOLS = YES;
				GCC_INLINES_ARE_PRIVATE_EXTERN = NO;
				GCC_OPTIMIZATION_LEVEL = 0;
				GCC_PREPROCESSOR_DEFINITIONS = ("'CMAKE_INTDIR=\"$(CONFIGURATION)$(EFFECTIVE_PLATFORM_NAME)\"'","$(inherited)");
				GCC_SYMBOLS_PRIVATE_EXTERN = NO;
				INSTALL_PATH = "";
				ONLY_ACTIVE_ARCH = NO;
				OTHER_LDFLAGS = ("","$(inherited)");
				OTHER_REZFLAGS = "";
				PRODUCT_NAME = ALL_BUILD;
				SECTORDER_FLAGS = "";
				USE_HEADERMAP = NO;
				WARNING_CFLAGS = ("$(inherited)");
			};
			name = Debug;
		};
		BD4B121C09544135BDB7B47C /* Debug */ = {
			isa = XCBuildConfiguration;
			buildSettings = {
				ALWAYS_SEARCH_USER_PATHS = NO;
				ARCHS = arm64;
				COMBINE_HIDPI_IMAGES = YES;
				GCC_GENERATE_DEBUGGING_SYMBOLS = YES;
				GCC_INLINES_ARE_PRIVATE_EXTERN = NO;
				GCC_OPTIMIZATION_LEVEL = 0;
				GCC_PREPROCESSOR_DEFINITIONS = ("'CMAKE_INTDIR=\"$(CONFIGURATION)$(EFFECTIVE_PLATFORM_NAME)\"'","$(inherited)");
				GCC_SYMBOLS_PRIVATE_EXTERN = NO;
				INSTALL_PATH = "";
				ONLY_ACTIVE_ARCH = NO;
				OTHER_LDFLAGS = ("","$(inherited)");
				OTHER_REZFLAGS = "";
				PRODUCT_NAME = ZERO_CHECK;
				SECTORDER_FLAGS = "";
				USE_HEADERMAP = NO;
				WARNING_CFLAGS = ("$(inherited)");
			};
			name = Debug;
		};
		DE31F8DA86C14935BE0155EE /* MinSizeRel */ = {
			isa = XCBuildConfiguration;
			buildSettings = {
				ALWAYS_SEARCH_USER_PATHS = NO;
				ARCHS = arm64;
				COMBINE_HIDPI_IMAGES = YES;
				GCC_GENERATE_DEBUGGING_SYMBOLS = YES;
				GCC_INLINES_ARE_PRIVATE_EXTERN = NO;
				GCC_OPTIMIZATION_LEVEL = 0;
				GCC_PREPROCESSOR_DEFINITIONS = ("'CMAKE_INTDIR=\"$(CONFIGURATION)$(EFFECTIVE_PLATFORM_NAME)\"'","$(inherited)");
				GCC_SYMBOLS_PRIVATE_EXTERN = NO;
				INSTALL_PATH = "";
				ONLY_ACTIVE_ARCH = NO;
				OTHER_LDFLAGS = ("","$(inherited)");
				OTHER_REZFLAGS = "";
				PRODUCT_NAME = ZERO_CHECK;
				SECTORDER_FLAGS = "";
				USE_HEADERMAP = NO;
				WARNING_CFLAGS = ("$(inherited)");
			};
			name = MinSizeRel;
		};
		E9A7AA404C1F4248931F9EDA /* RelWithDebInfo */ = {
			isa = XCBuildConfiguration;
			buildSettings = {
				ALWAYS_SEARCH_USER_PATHS = NO;
				ARCHS = arm64;
				COMBINE_HIDPI_IMAGES = YES;
				GCC_GENERATE_DEBUGGING_SYMBOLS = YES;
				GCC_INLINES_ARE_PRIVATE_EXTERN = NO;
				GCC_OPTIMIZATION_LEVEL = 0;
				GCC_PREPROCESSOR_DEFINITIONS = ("'CMAKE_INTDIR=\"$(CONFIGURATION)$(EFFECTIVE_PLATFORM_NAME)\"'","$(inherited)");
				GCC_SYMBOLS_PRIVATE_EXTERN = NO;
				INSTALL_PATH = "";
				ONLY_ACTIVE_ARCH = NO;
				OTHER_LDFLAGS = ("","$(inherited)");
				OTHER_REZFLAGS = "";
				PRODUCT_NAME = install;
				SECTORDER_FLAGS = "";
				USE_HEADERMAP = NO;
				WARNING_CFLAGS = ("$(inherited)");
			};
			name = RelWithDebInfo;
		};
		EABA271A17304AF1BC9A4CC3 /* Release */ = {
			isa = XCBuildConfiguration;
			buildSettings = {
				ALWAYS_SEARCH_USER_PATHS = NO;
				ARCHS = arm64;
				COMBINE_HIDPI_IMAGES = YES;
				GCC_GENERATE_DEBUGGING_SYMBOLS = YES;
				GCC_INLINES_ARE_PRIVATE_EXTERN = NO;
				GCC_OPTIMIZATION_LEVEL = 0;
				GCC_PREPROCESSOR_DEFINITIONS = ("'CMAKE_INTDIR=\"$(CONFIGURATION)$(EFFECTIVE_PLATFORM_NAME)\"'","$(inherited)");
				GCC_SYMBOLS_PRIVATE_EXTERN = NO;
				INSTALL_PATH = "";
				ONLY_ACTIVE_ARCH = NO;
				OTHER_LDFLAGS = ("","$(inherited)");
				OTHER_REZFLAGS = "";
				PRODUCT_NAME = install;
				SECTORDER_FLAGS = "";
				USE_HEADERMAP = NO;
				WARNING_CFLAGS = ("$(inherited)");
			};
			name = Release;
		};
		F55BE808AAED450B9AF5AE02 /* RelWithDebInfo */ = {
			isa = XCBuildConfiguration;
			buildSettings = {
				ALWAYS_SEARCH_USER_PATHS = NO;
				ARCHS = arm64;
				COMBINE_HIDPI_IMAGES = YES;
				GCC_GENERATE_DEBUGGING_SYMBOLS = YES;
				GCC_INLINES_ARE_PRIVATE_EXTERN = NO;
				GCC_OPTIMIZATION_LEVEL = 0;
				GCC_PREPROCESSOR_DEFINITIONS = ("'CMAKE_INTDIR=\"$(CONFIGURATION)$(EFFECTIVE_PLATFORM_NAME)\"'","$(inherited)");
				GCC_SYMBOLS_PRIVATE_EXTERN = NO;
				INSTALL_PATH = "";
				ONLY_ACTIVE_ARCH = NO;
				OTHER_LDFLAGS = ("","$(inherited)");
				OTHER_REZFLAGS = "";
				PRODUCT_NAME = ZERO_CHECK;
				SECTORDER_FLAGS = "";
				USE_HEADERMAP = NO;
				WARNING_CFLAGS = ("$(inherited)");
			};
			name = RelWithDebInfo;
		};
		F7B29D3BAB0449FD954E33B1 /* Debug */ = {
			isa = XCBuildConfiguration;
			buildSettings = {
				ARCHS = arm64;
				SDKROOT = /Library/Developer/CommandLineTools/SDKs/MacOSX14.2.sdk;
				SYMROOT = "/Users/0xceed/Repositories/ycmapper-apple/cmake/build";
			};
			name = Debug;
		};
		F82927E0505448309FE21F9E /* Release */ = {
			isa = XCBuildConfiguration;
			buildSettings = {
				ALWAYS_SEARCH_USER_PATHS = NO;
				ARCHS = arm64;
				COMBINE_HIDPI_IMAGES = YES;
				GCC_GENERATE_DEBUGGING_SYMBOLS = YES;
				GCC_INLINES_ARE_PRIVATE_EXTERN = NO;
				GCC_OPTIMIZATION_LEVEL = 0;
				GCC_PREPROCESSOR_DEFINITIONS = ("'CMAKE_INTDIR=\"$(CONFIGURATION)$(EFFECTIVE_PLATFORM_NAME)\"'","$(inherited)");
				GCC_SYMBOLS_PRIVATE_EXTERN = NO;
				INSTALL_PATH = "";
				ONLY_ACTIVE_ARCH = NO;
				OTHER_LDFLAGS = ("","$(inherited)");
				OTHER_REZFLAGS = "";
				PRODUCT_NAME = ALL_BUILD;
				SECTORDER_FLAGS = "";
				USE_HEADERMAP = NO;
				WARNING_CFLAGS = ("$(inherited)");
			};
			name = Release;
		};
		FD4769F849CC40C2A1682062 /* Release */ = {
			isa = XCBuildConfiguration;
			buildSettings = {
				ALWAYS_SEARCH_USER_PATHS = NO;
				ARCHS = arm64;
				COMBINE_HIDPI_IMAGES = YES;
				CONFIGURATION_BUILD_DIR = "/Users/0xceed/Repositories/ycmapper-apple/cmake/dependencies/libycenv/dependencies/libycres/examples/ycimsg/Release";
				EXECUTABLE_PREFIX = "";
				EXECUTABLE_SUFFIX = "";
				GCC_GENERATE_DEBUGGING_SYMBOLS = NO;
				GCC_INLINES_ARE_PRIVATE_EXTERN = NO;
				GCC_OPTIMIZATION_LEVEL = 0;
				GCC_PREPROCESSOR_DEFINITIONS = ("'CMAKE_INTDIR=\"$(CONFIGURATION)$(EFFECTIVE_PLATFORM_NAME)\"'","$(inherited)");
				GCC_SYMBOLS_PRIVATE_EXTERN = NO;
				HEADER_SEARCH_PATHS = ("/Users/0xceed/Repositories/ycmapper-apple/dependencies/libycvid/dependencies/libycenv/dependencies/libycres/examples/ycimsg/include","/Users/0xceed/Repositories/ycmapper-apple/dependencies/libycvid/dependencies/libycenv/dependencies/libycres/examples/ycimsg/../dependencies/argtable/src","/Users/0xceed/Repositories/ycmapper-apple/dependencies/libycvid/dependencies/libycenv/dependencies/libycres/include","$(inherited)");
				INSTALL_PATH = "";
				ONLY_ACTIVE_ARCH = NO;
				OTHER_CFLAGS = ("'-std=gnu99' -Wall -Wextra -pedantic -Werror ","$(inherited)");
				OTHER_LDFLAGS = (" -Wl,-search_paths_first -Wl,-headerpad_max_install_names","/Users/0xceed/Repositories/ycmapper-apple/cmake/dependencies/libycenv/dependencies/libycres/examples/dependencies/argtable/src/Release/libargtable3_static.a","/Users/0xceed/Repositories/ycmapper-apple/cmake/dependencies/libycenv/dependencies/libycres/Release/libycres.a","$(inherited)");
				OTHER_REZFLAGS = "";
				PRODUCT_NAME = ycimsg;
				SECTORDER_FLAGS = "";
				TARGET_TEMP_DIR = "/Users/0xceed/Repositories/ycmapper-apple/cmake/build/ycimsg.build/$(CONFIGURATION)$(EFFECTIVE_PLATFORM_NAME)";
				USE_HEADERMAP = NO;
				WARNING_CFLAGS = ("$(inherited)");
			};
			name = Release;
		};
/* End XCBuildConfiguration section */

/* Begin XCConfigurationList section */
		7EFE066F78A946FF96D796DD /* Build configuration list for PBXAggregateTarget "ALL_BUILD" */ = {
			isa = XCConfigurationList;
			buildConfigurations = (
				B29C7F2FDADA4207887937DC /* Debug */,
				F82927E0505448309FE21F9E /* Release */,
				66293D03CE074346936AA0AD /* MinSizeRel */,
				1B8320C4E3D34EE284FAE2C7 /* RelWithDebInfo */,
			);
			defaultConfigurationIsVisible = 0;
			defaultConfigurationName = Debug;
		};
		9937F7EB96414B139227187C /* Build configuration list for PBXAggregateTarget "install" */ = {
			isa = XCConfigurationList;
			buildConfigurations = (
				51CBB47E58894549841ECEB4 /* Debug */,
				EABA271A17304AF1BC9A4CC3 /* Release */,
				17FF372EB7624AD09A095187 /* MinSizeRel */,
				E9A7AA404C1F4248931F9EDA /* RelWithDebInfo */,
			);
			defaultConfigurationIsVisible = 0;
			defaultConfigurationName = Debug;
		};
		BCDFB44A44DB4526914EEAC8 /* Build configuration list for PBXProject "ycimsg" */ = {
			isa = XCConfigurationList;
			buildConfigurations = (
				F7B29D3BAB0449FD954E33B1 /* Debug */,
				6E8C3D7C99F74E2FA2C54BE1 /* Release */,
				434E3F6D2C044DAAA7918A53 /* MinSizeRel */,
				4EEAE423E830404287BEFF0B /* RelWithDebInfo */,
			);
			defaultConfigurationIsVisible = 0;
			defaultConfigurationName = Debug;
		};
		F54724BB492F4A55AA5FECF6 /* Build configuration list for PBXNativeTarget "ycimsg" */ = {
			isa = XCConfigurationList;
			buildConfigurations = (
				949D522E8833400EAE0BF35A /* Debug */,
				FD4769F849CC40C2A1682062 /* Release */,
				A20C4BE35B6D45289C645EBF /* MinSizeRel */,
				36F309C4E6DC4ABAAA9707DA /* RelWithDebInfo */,
			);
			defaultConfigurationIsVisible = 0;
			defaultConfigurationName = Debug;
		};
		FF9E563D385040C98B77075E /* Build configuration list for PBXAggregateTarget "ZERO_CHECK" */ = {
			isa = XCConfigurationList;
			buildConfigurations = (
				BD4B121C09544135BDB7B47C /* Debug */,
				22EEC24B89204F6E82F4078E /* Release */,
				DE31F8DA86C14935BE0155EE /* MinSizeRel */,
				F55BE808AAED450B9AF5AE02 /* RelWithDebInfo */,
			);
			defaultConfigurationIsVisible = 0;
			defaultConfigurationName = Debug;
		};
/* End XCConfigurationList section */
	};
	rootObject = C865C54ED86148628FE02023 /* Project object */;
}
