// !$*UTF8*$!
{
	archiveVersion = 1;
	classes = {
	};
	objectVersion = 56;
	objects = {

/* Begin PBXBuildFile section */
		B406ECAA2B0EA42B0008C796 /* io.swift in Sources */ = {isa = PBXBuildFile; fileRef = B406ECA92B0EA42B0008C796 /* io.swift */; };
		B406ECAE2B0EAE870008C796 /* fetchers.swift in Sources */ = {isa = PBXBuildFile; fileRef = B406ECAD2B0EAE870008C796 /* fetchers.swift */; };
		B406ECB12B0ED6AB0008C796 /* renderer.swift in Sources */ = {isa = PBXBuildFile; fileRef = B406ECB02B0ED6AB0008C796 /* renderer.swift */; };
		B44715C32B12B983003E27C4 /* cache.swift in Sources */ = {isa = PBXBuildFile; fileRef = B44715C22B12B983003E27C4 /* cache.swift */; };
		B44A98192B1192430025115E /* sprite.swift in Sources */ = {isa = PBXBuildFile; fileRef = B44A98182B1192430025115E /* sprite.swift */; };
		B44A981B2B11927D0025115E /* texture.swift in Sources */ = {isa = PBXBuildFile; fileRef = B44A981A2B11927D0025115E /* texture.swift */; };
		B47F434C2B6A928E006BEFCC /* libycenv.a in Frameworks */ = {isa = PBXBuildFile; fileRef = B49D31B02B03ECDF00DBB05B /* libycenv.a */; };
		B47F434D2B6A928E006BEFCC /* libycres.a in Frameworks */ = {isa = PBXBuildFile; fileRef = B49D31BE2B03ECDF00DBB05B /* libycres.a */; };
		B47F434E2B6A928E006BEFCC /* libycvid.a in Frameworks */ = {isa = PBXBuildFile; fileRef = B49D31C22B03ECDF00DBB05B /* libycvid.a */; };
		B49D302C2B03EC5900DBB05B /* ycmapper.swift in Sources */ = {isa = PBXBuildFile; fileRef = B49D302A2B03EC5900DBB05B /* ycmapper.swift */; };
		B49D302D2B03EC5900DBB05B /* ContentView.swift in Sources */ = {isa = PBXBuildFile; fileRef = B49D302B2B03EC5900DBB05B /* ContentView.swift */; };
		B4F03C022B17A3FE00BD6449 /* image.swift in Sources */ = {isa = PBXBuildFile; fileRef = B4F03C012B17A3FE00BD6449 /* image.swift */; };
/* End PBXBuildFile section */

/* Begin PBXContainerItemProxy section */
		B49D31972B03ECDF00DBB05B /* PBXContainerItemProxy */ = {
			isa = PBXContainerItemProxy;
			containerPortal = B49D30CF2B03ECDE00DBB05B /* libycvid.xcodeproj */;
			proxyType = 2;
			remoteGlobalIDString = 4C55E110F8F642F3A4D92F22;
			remoteInfo = argtable3;
		};
		B49D31992B03ECDF00DBB05B /* PBXContainerItemProxy */ = {
			isa = PBXContainerItemProxy;
			containerPortal = B49D30CF2B03ECDE00DBB05B /* libycvid.xcodeproj */;
			proxyType = 2;
			remoteGlobalIDString = 8A9DA9AF94E34426A4D937A1;
			remoteInfo = echo;
		};
		B49D319B2B03ECDF00DBB05B /* PBXContainerItemProxy */ = {
			isa = PBXContainerItemProxy;
			containerPortal = B49D30CF2B03ECDE00DBB05B /* libycvid.xcodeproj */;
			proxyType = 2;
			remoteGlobalIDString = 5F82AEF932A343EEAA40D91A;
			remoteInfo = ls;
		};
		B49D319D2B03ECDF00DBB05B /* PBXContainerItemProxy */ = {
			isa = PBXContainerItemProxy;
			containerPortal = B49D30CF2B03ECDE00DBB05B /* libycvid.xcodeproj */;
			proxyType = 2;
			remoteGlobalIDString = 1CE961B2C22D4391BD651884;
			remoteInfo = multisyntax;
		};
		B49D319F2B03ECDF00DBB05B /* PBXContainerItemProxy */ = {
			isa = PBXContainerItemProxy;
			containerPortal = B49D30CF2B03ECDE00DBB05B /* libycvid.xcodeproj */;
			proxyType = 2;
			remoteGlobalIDString = 14A00CD825814FC79A29A7D4;
			remoteInfo = mv;
		};
		B49D31A12B03ECDF00DBB05B /* PBXContainerItemProxy */ = {
			isa = PBXContainerItemProxy;
			containerPortal = B49D30CF2B03ECDE00DBB05B /* libycvid.xcodeproj */;
			proxyType = 2;
			remoteGlobalIDString = 97198FE0690B4066957A5080;
			remoteInfo = myprog;
		};
		B49D31A32B03ECDF00DBB05B /* PBXContainerItemProxy */ = {
			isa = PBXContainerItemProxy;
			containerPortal = B49D30CF2B03ECDE00DBB05B /* libycvid.xcodeproj */;
			proxyType = 2;
			remoteGlobalIDString = 09A3747816054CFCBD41E3EF;
			remoteInfo = myprog_C89;
		};
		B49D31A52B03ECDF00DBB05B /* PBXContainerItemProxy */ = {
			isa = PBXContainerItemProxy;
			containerPortal = B49D30CF2B03ECDE00DBB05B /* libycvid.xcodeproj */;
			proxyType = 2;
			remoteGlobalIDString = A4B1DAA8266E491AB4BB164B;
			remoteInfo = test_amalgamation;
		};
		B49D31A72B03ECDF00DBB05B /* PBXContainerItemProxy */ = {
			isa = PBXContainerItemProxy;
			containerPortal = B49D30CF2B03ECDE00DBB05B /* libycvid.xcodeproj */;
			proxyType = 2;
			remoteGlobalIDString = 90475E391F704DB9A4C97250;
			remoteInfo = test_src;
		};
		B49D31A92B03ECDF00DBB05B /* PBXContainerItemProxy */ = {
			isa = PBXContainerItemProxy;
			containerPortal = B49D30CF2B03ECDE00DBB05B /* libycvid.xcodeproj */;
			proxyType = 2;
			remoteGlobalIDString = A9074B1A1C854C408F24AC98;
			remoteInfo = test_static;
		};
		B49D31AB2B03ECDF00DBB05B /* PBXContainerItemProxy */ = {
			isa = PBXContainerItemProxy;
			containerPortal = B49D30CF2B03ECDE00DBB05B /* libycvid.xcodeproj */;
			proxyType = 2;
			remoteGlobalIDString = 8BFBCC351C604CE0A70300E4;
			remoteInfo = testargtable3;
		};
		B49D31AD2B03ECDF00DBB05B /* PBXContainerItemProxy */ = {
			isa = PBXContainerItemProxy;
			containerPortal = B49D30CF2B03ECDE00DBB05B /* libycvid.xcodeproj */;
			proxyType = 2;
			remoteGlobalIDString = D65AF66F18DB4418846E24CD;
			remoteInfo = uname;
		};
		B49D31AF2B03ECDF00DBB05B /* PBXContainerItemProxy */ = {
			isa = PBXContainerItemProxy;
			containerPortal = B49D30CF2B03ECDE00DBB05B /* libycvid.xcodeproj */;
			proxyType = 2;
			remoteGlobalIDString = 2C7DD6FF93F1434A9E0C3A9C;
			remoteInfo = ycenv;
		};
		B49D31B12B03ECDF00DBB05B /* PBXContainerItemProxy */ = {
			isa = PBXContainerItemProxy;
			containerPortal = B49D30CF2B03ECDE00DBB05B /* libycvid.xcodeproj */;
			proxyType = 2;
			remoteGlobalIDString = 29E3F17D9E154D319AD931FE;
			remoteInfo = ycifrm;
		};
		B49D31B32B03ECDF00DBB05B /* PBXContainerItemProxy */ = {
			isa = PBXContainerItemProxy;
			containerPortal = B49D30CF2B03ECDE00DBB05B /* libycvid.xcodeproj */;
			proxyType = 2;
			remoteGlobalIDString = 9CD2A89AD4EC4980AC77B4C2;
			remoteInfo = ycilst;
		};
		B49D31B52B03ECDF00DBB05B /* PBXContainerItemProxy */ = {
			isa = PBXContainerItemProxy;
			containerPortal = B49D30CF2B03ECDE00DBB05B /* libycvid.xcodeproj */;
			proxyType = 2;
			remoteGlobalIDString = 02CF5275B80644AF8785B879;
			remoteInfo = ycimap;
		};
		B49D31B72B03ECDF00DBB05B /* PBXContainerItemProxy */ = {
			isa = PBXContainerItemProxy;
			containerPortal = B49D30CF2B03ECDE00DBB05B /* libycvid.xcodeproj */;
			proxyType = 2;
			remoteGlobalIDString = E65A173FD41D4FF8B0A0B166;
			remoteInfo = ycimsg;
		};
		B49D31B92B03ECDF00DBB05B /* PBXContainerItemProxy */ = {
			isa = PBXContainerItemProxy;
			containerPortal = B49D30CF2B03ECDE00DBB05B /* libycvid.xcodeproj */;
			proxyType = 2;
			remoteGlobalIDString = DC22886375EE4AB697BDC225;
			remoteInfo = ycipal;
		};
		B49D31BB2B03ECDF00DBB05B /* PBXContainerItemProxy */ = {
			isa = PBXContainerItemProxy;
			containerPortal = B49D30CF2B03ECDE00DBB05B /* libycvid.xcodeproj */;
			proxyType = 2;
			remoteGlobalIDString = 24D2429F2AFF4CCBBEA88238;
			remoteInfo = ycipro;
		};
		B49D31BD2B03ECDF00DBB05B /* PBXContainerItemProxy */ = {
			isa = PBXContainerItemProxy;
			containerPortal = B49D30CF2B03ECDE00DBB05B /* libycvid.xcodeproj */;
			proxyType = 2;
			remoteGlobalIDString = C14BAB2D1B7949C1B6234DE0;
			remoteInfo = ycres;
		};
		B49D31BF2B03ECDF00DBB05B /* PBXContainerItemProxy */ = {
			isa = PBXContainerItemProxy;
			containerPortal = B49D30CF2B03ECDE00DBB05B /* libycvid.xcodeproj */;
			proxyType = 2;
			remoteGlobalIDString = DF75DC09FFB34D3694E6BD70;
			remoteInfo = ycundat;
		};
		B49D31C12B03ECDF00DBB05B /* PBXContainerItemProxy */ = {
			isa = PBXContainerItemProxy;
			containerPortal = B49D30CF2B03ECDE00DBB05B /* libycvid.xcodeproj */;
			proxyType = 2;
			remoteGlobalIDString = 0647B777D04F42728BB59BE1;
			remoteInfo = ycvid;
		};
		B49D32562B03EF3100DBB05B /* PBXContainerItemProxy */ = {
			isa = PBXContainerItemProxy;
			containerPortal = B49D30CF2B03ECDE00DBB05B /* libycvid.xcodeproj */;
			proxyType = 1;
			remoteGlobalIDString = 9038170C5CF845DDA1D96A00;
			remoteInfo = ycenv;
		};
		B49D32582B03EF3100DBB05B /* PBXContainerItemProxy */ = {
			isa = PBXContainerItemProxy;
			containerPortal = B49D30CF2B03ECDE00DBB05B /* libycvid.xcodeproj */;
			proxyType = 1;
			remoteGlobalIDString = 4402AE9600F24D28B7F61E6D;
			remoteInfo = ycres;
		};
		B49D325A2B03EF3100DBB05B /* PBXContainerItemProxy */ = {
			isa = PBXContainerItemProxy;
			containerPortal = B49D30CF2B03ECDE00DBB05B /* libycvid.xcodeproj */;
			proxyType = 1;
			remoteGlobalIDString = 63293461786B4BF0B377BB5D;
			remoteInfo = ycvid;
		};
/* End PBXContainerItemProxy section */

/* Begin PBXFileReference section */
		B406ECA92B0EA42B0008C796 /* io.swift */ = {isa = PBXFileReference; lastKnownFileType = sourcecode.swift; path = io.swift; sourceTree = "<group>"; };
		B406ECAD2B0EAE870008C796 /* fetchers.swift */ = {isa = PBXFileReference; lastKnownFileType = sourcecode.swift; path = fetchers.swift; sourceTree = "<group>"; };
		B406ECB02B0ED6AB0008C796 /* renderer.swift */ = {isa = PBXFileReference; lastKnownFileType = sourcecode.swift; path = renderer.swift; sourceTree = "<group>"; };
		B44715C22B12B983003E27C4 /* cache.swift */ = {isa = PBXFileReference; lastKnownFileType = sourcecode.swift; path = cache.swift; sourceTree = "<group>"; };
		B44A98182B1192430025115E /* sprite.swift */ = {isa = PBXFileReference; lastKnownFileType = sourcecode.swift; path = sprite.swift; sourceTree = "<group>"; };
		B44A981A2B11927D0025115E /* texture.swift */ = {isa = PBXFileReference; lastKnownFileType = sourcecode.swift; path = texture.swift; sourceTree = "<group>"; };
		B49D300B2B03EB9900DBB05B /* ycmapper.app */ = {isa = PBXFileReference; explicitFileType = wrapper.application; includeInIndex = 0; path = ycmapper.app; sourceTree = BUILT_PRODUCTS_DIR; };
		B49D302A2B03EC5900DBB05B /* ycmapper.swift */ = {isa = PBXFileReference; fileEncoding = 4; lastKnownFileType = sourcecode.swift; path = ycmapper.swift; sourceTree = "<group>"; };
		B49D302B2B03EC5900DBB05B /* ContentView.swift */ = {isa = PBXFileReference; fileEncoding = 4; lastKnownFileType = sourcecode.swift; path = ContentView.swift; sourceTree = "<group>"; };
		B49D30CF2B03ECDE00DBB05B /* libycvid.xcodeproj */ = {isa = PBXFileReference; lastKnownFileType = "wrapper.pb-project"; path = libycvid.xcodeproj; sourceTree = "<group>"; };
		B49D32612B03F29D00DBB05B /* imports.h */ = {isa = PBXFileReference; lastKnownFileType = sourcecode.c.h; path = imports.h; sourceTree = "<group>"; };
		B4F03C012B17A3FE00BD6449 /* image.swift */ = {isa = PBXFileReference; lastKnownFileType = sourcecode.swift; path = image.swift; sourceTree = "<group>"; };
/* End PBXFileReference section */

/* Begin PBXFrameworksBuildPhase section */
		B49D30082B03EB9900DBB05B /* Frameworks */ = {
			isa = PBXFrameworksBuildPhase;
			buildActionMask = 2147483647;
			files = (
				B47F434D2B6A928E006BEFCC /* libycres.a in Frameworks */,
				B47F434C2B6A928E006BEFCC /* libycenv.a in Frameworks */,
				B47F434E2B6A928E006BEFCC /* libycvid.a in Frameworks */,
			);
			runOnlyForDeploymentPostprocessing = 0;
		};
/* End PBXFrameworksBuildPhase section */

/* Begin PBXGroup section */
		B406EC902B0EA2970008C796 /* config */ = {
			isa = PBXGroup;
			children = (
				B49D32612B03F29D00DBB05B /* imports.h */,
			);
			path = config;
			sourceTree = "<group>";
		};
		B406ECA72B0EA2B90008C796 /* macOS */ = {
			isa = PBXGroup;
			children = (
				B49D302A2B03EC5900DBB05B /* ycmapper.swift */,
				B406EC902B0EA2970008C796 /* config */,
				B4F03BEA2B17A3ED00BD6449 /* document */,
				B406ECAB2B0EA82D0008C796 /* views */,
				B44715AB2B12B972003E27C4 /* cache */,
				B406ECAC2B0EAE6D0008C796 /* fetchers */,
				B406ECAF2B0ED68C0008C796 /* renderer */,
				B406ECA82B0EA41D0008C796 /* platform */,
			);
			path = macOS;
			sourceTree = "<group>";
		};
		B406ECA82B0EA41D0008C796 /* platform */ = {
			isa = PBXGroup;
			children = (
				B406ECA92B0EA42B0008C796 /* io.swift */,
			);
			path = platform;
			sourceTree = "<group>";
		};
		B406ECAB2B0EA82D0008C796 /* views */ = {
			isa = PBXGroup;
			children = (
				B49D302B2B03EC5900DBB05B /* ContentView.swift */,
			);
			path = views;
			sourceTree = "<group>";
		};
		B406ECAC2B0EAE6D0008C796 /* fetchers */ = {
			isa = PBXGroup;
			children = (
				B406ECAD2B0EAE870008C796 /* fetchers.swift */,
			);
			path = fetchers;
			sourceTree = "<group>";
		};
		B406ECAF2B0ED68C0008C796 /* renderer */ = {
			isa = PBXGroup;
			children = (
				B44A98172B1192390025115E /* texture */,
				B406ECB02B0ED6AB0008C796 /* renderer.swift */,
			);
			path = renderer;
			sourceTree = "<group>";
		};
		B44715AB2B12B972003E27C4 /* cache */ = {
			isa = PBXGroup;
			children = (
				B44A98002B1192320025115E /* sprite */,
				B44715C22B12B983003E27C4 /* cache.swift */,
			);
			path = cache;
			sourceTree = "<group>";
		};
		B44A98002B1192320025115E /* sprite */ = {
			isa = PBXGroup;
			children = (
				B44A98182B1192430025115E /* sprite.swift */,
			);
			path = sprite;
			sourceTree = "<group>";
		};
		B44A98172B1192390025115E /* texture */ = {
			isa = PBXGroup;
			children = (
				B44A981A2B11927D0025115E /* texture.swift */,
			);
			path = texture;
			sourceTree = "<group>";
		};
		B47F432C2B694C67006BEFCC /* Frameworks */ = {
			isa = PBXGroup;
			children = (
			);
			name = Frameworks;
			sourceTree = "<group>";
		};
		B49D30022B03EB9900DBB05B = {
			isa = PBXGroup;
			children = (
				B49D302F2B03ECDE00DBB05B /* cmake */,
				B49D30282B03EC5900DBB05B /* sources */,
				B49D300C2B03EB9900DBB05B /* Products */,
				B47F432C2B694C67006BEFCC /* Frameworks */,
			);
			sourceTree = "<group>";
		};
		B49D300C2B03EB9900DBB05B /* Products */ = {
			isa = PBXGroup;
			children = (
				B49D300B2B03EB9900DBB05B /* ycmapper.app */,
			);
			name = Products;
			sourceTree = "<group>";
		};
		B49D30282B03EC5900DBB05B /* sources */ = {
			isa = PBXGroup;
			children = (
				B406ECA72B0EA2B90008C796 /* macOS */,
			);
			path = sources;
			sourceTree = "<group>";
		};
		B49D302F2B03ECDE00DBB05B /* cmake */ = {
			isa = PBXGroup;
			children = (
				B49D30CF2B03ECDE00DBB05B /* libycvid.xcodeproj */,
			);
			path = cmake;
			sourceTree = "<group>";
		};
		B49D30D02B03ECDE00DBB05B /* Products */ = {
			isa = PBXGroup;
			children = (
				B49D31982B03ECDF00DBB05B /* libargtable3_staticd.a */,
				B49D319A2B03ECDF00DBB05B /* echo */,
				B49D319C2B03ECDF00DBB05B /* ls */,
				B49D319E2B03ECDF00DBB05B /* multisyntax */,
				B49D31A02B03ECDF00DBB05B /* mv */,
				B49D31A22B03ECDF00DBB05B /* myprog */,
				B49D31A42B03ECDF00DBB05B /* myprog_C89 */,
				B49D31A62B03ECDF00DBB05B /* test_amalgamation */,
				B49D31A82B03ECDF00DBB05B /* test_src */,
				B49D31AA2B03ECDF00DBB05B /* test_static */,
				B49D31AC2B03ECDF00DBB05B /* testargtable3 */,
				B49D31AE2B03ECDF00DBB05B /* uname */,
				B49D31B02B03ECDF00DBB05B /* libycenv.a */,
				B49D31B22B03ECDF00DBB05B /* ycifrm */,
				B49D31B42B03ECDF00DBB05B /* ycilst */,
				B49D31B62B03ECDF00DBB05B /* ycimap */,
				B49D31B82B03ECDF00DBB05B /* ycimsg */,
				B49D31BA2B03ECDF00DBB05B /* ycipal */,
				B49D31BC2B03ECDF00DBB05B /* ycipro */,
				B49D31BE2B03ECDF00DBB05B /* libycres.a */,
				B49D31C02B03ECDF00DBB05B /* ycundat */,
				B49D31C22B03ECDF00DBB05B /* libycvid.a */,
			);
			name = Products;
			sourceTree = "<group>";
		};
		B4F03BEA2B17A3ED00BD6449 /* document */ = {
			isa = PBXGroup;
			children = (
				B4F03C012B17A3FE00BD6449 /* image.swift */,
			);
			path = document;
			sourceTree = "<group>";
		};
/* End PBXGroup section */

/* Begin PBXNativeTarget section */
		B49D300A2B03EB9900DBB05B /* ycmapper */ = {
			isa = PBXNativeTarget;
			buildConfigurationList = B49D301A2B03EB9A00DBB05B /* Build configuration list for PBXNativeTarget "ycmapper" */;
			buildPhases = (
				B49D30072B03EB9900DBB05B /* Sources */,
				B49D30082B03EB9900DBB05B /* Frameworks */,
				B49D30092B03EB9900DBB05B /* Resources */,
			);
			buildRules = (
			);
			dependencies = (
				B49D32592B03EF3100DBB05B /* PBXTargetDependency */,
				B49D32572B03EF3100DBB05B /* PBXTargetDependency */,
				B49D325B2B03EF3100DBB05B /* PBXTargetDependency */,
			);
			name = ycmapper;
			productName = "yc-mapper";
			productReference = B49D300B2B03EB9900DBB05B /* ycmapper.app */;
			productType = "com.apple.product-type.application";
		};
/* End PBXNativeTarget section */

/* Begin PBXProject section */
		B49D30032B03EB9900DBB05B /* Project object */ = {
			isa = PBXProject;
			attributes = {
				BuildIndependentTargetsInParallel = 1;
				LastSwiftUpdateCheck = 1500;
				LastUpgradeCheck = 1520;
				TargetAttributes = {
					B49D300A2B03EB9900DBB05B = {
						CreatedOnToolsVersion = 15.0.1;
						LastSwiftMigration = 1500;
					};
				};
			};
			buildConfigurationList = B49D30062B03EB9900DBB05B /* Build configuration list for PBXProject "ycmapper" */;
			compatibilityVersion = "Xcode 14.0";
			developmentRegion = en;
			hasScannedForEncodings = 0;
			knownRegions = (
				en,
				Base,
			);
			mainGroup = B49D30022B03EB9900DBB05B;
			productRefGroup = B49D300C2B03EB9900DBB05B /* Products */;
			projectDirPath = "";
			projectReferences = (
				{
					ProductGroup = B49D30D02B03ECDE00DBB05B /* Products */;
					ProjectRef = B49D30CF2B03ECDE00DBB05B /* libycvid.xcodeproj */;
				},
			);
			projectRoot = "";
			targets = (
				B49D300A2B03EB9900DBB05B /* ycmapper */,
			);
		};
/* End PBXProject section */

/* Begin PBXReferenceProxy section */
		B49D31982B03ECDF00DBB05B /* libargtable3_staticd.a */ = {
			isa = PBXReferenceProxy;
			fileType = archive.ar;
			path = libargtable3_staticd.a;
			remoteRef = B49D31972B03ECDF00DBB05B /* PBXContainerItemProxy */;
			sourceTree = BUILT_PRODUCTS_DIR;
		};
		B49D319A2B03ECDF00DBB05B /* echo */ = {
			isa = PBXReferenceProxy;
			fileType = "compiled.mach-o.executable";
			path = echo;
			remoteRef = B49D31992B03ECDF00DBB05B /* PBXContainerItemProxy */;
			sourceTree = BUILT_PRODUCTS_DIR;
		};
		B49D319C2B03ECDF00DBB05B /* ls */ = {
			isa = PBXReferenceProxy;
			fileType = "compiled.mach-o.executable";
			path = ls;
			remoteRef = B49D319B2B03ECDF00DBB05B /* PBXContainerItemProxy */;
			sourceTree = BUILT_PRODUCTS_DIR;
		};
		B49D319E2B03ECDF00DBB05B /* multisyntax */ = {
			isa = PBXReferenceProxy;
			fileType = "compiled.mach-o.executable";
			path = multisyntax;
			remoteRef = B49D319D2B03ECDF00DBB05B /* PBXContainerItemProxy */;
			sourceTree = BUILT_PRODUCTS_DIR;
		};
		B49D31A02B03ECDF00DBB05B /* mv */ = {
			isa = PBXReferenceProxy;
			fileType = "compiled.mach-o.executable";
			path = mv;
			remoteRef = B49D319F2B03ECDF00DBB05B /* PBXContainerItemProxy */;
			sourceTree = BUILT_PRODUCTS_DIR;
		};
		B49D31A22B03ECDF00DBB05B /* myprog */ = {
			isa = PBXReferenceProxy;
			fileType = "compiled.mach-o.executable";
			path = myprog;
			remoteRef = B49D31A12B03ECDF00DBB05B /* PBXContainerItemProxy */;
			sourceTree = BUILT_PRODUCTS_DIR;
		};
		B49D31A42B03ECDF00DBB05B /* myprog_C89 */ = {
			isa = PBXReferenceProxy;
			fileType = "compiled.mach-o.executable";
			path = myprog_C89;
			remoteRef = B49D31A32B03ECDF00DBB05B /* PBXContainerItemProxy */;
			sourceTree = BUILT_PRODUCTS_DIR;
		};
		B49D31A62B03ECDF00DBB05B /* test_amalgamation */ = {
			isa = PBXReferenceProxy;
			fileType = "compiled.mach-o.executable";
			path = test_amalgamation;
			remoteRef = B49D31A52B03ECDF00DBB05B /* PBXContainerItemProxy */;
			sourceTree = BUILT_PRODUCTS_DIR;
		};
		B49D31A82B03ECDF00DBB05B /* test_src */ = {
			isa = PBXReferenceProxy;
			fileType = "compiled.mach-o.executable";
			path = test_src;
			remoteRef = B49D31A72B03ECDF00DBB05B /* PBXContainerItemProxy */;
			sourceTree = BUILT_PRODUCTS_DIR;
		};
		B49D31AA2B03ECDF00DBB05B /* test_static */ = {
			isa = PBXReferenceProxy;
			fileType = "compiled.mach-o.executable";
			path = test_static;
			remoteRef = B49D31A92B03ECDF00DBB05B /* PBXContainerItemProxy */;
			sourceTree = BUILT_PRODUCTS_DIR;
		};
		B49D31AC2B03ECDF00DBB05B /* testargtable3 */ = {
			isa = PBXReferenceProxy;
			fileType = "compiled.mach-o.executable";
			path = testargtable3;
			remoteRef = B49D31AB2B03ECDF00DBB05B /* PBXContainerItemProxy */;
			sourceTree = BUILT_PRODUCTS_DIR;
		};
		B49D31AE2B03ECDF00DBB05B /* uname */ = {
			isa = PBXReferenceProxy;
			fileType = "compiled.mach-o.executable";
			path = uname;
			remoteRef = B49D31AD2B03ECDF00DBB05B /* PBXContainerItemProxy */;
			sourceTree = BUILT_PRODUCTS_DIR;
		};
		B49D31B02B03ECDF00DBB05B /* libycenv.a */ = {
			isa = PBXReferenceProxy;
			fileType = archive.ar;
			path = libycenv.a;
			remoteRef = B49D31AF2B03ECDF00DBB05B /* PBXContainerItemProxy */;
			sourceTree = BUILT_PRODUCTS_DIR;
		};
		B49D31B22B03ECDF00DBB05B /* ycifrm */ = {
			isa = PBXReferenceProxy;
			fileType = "compiled.mach-o.executable";
			path = ycifrm;
			remoteRef = B49D31B12B03ECDF00DBB05B /* PBXContainerItemProxy */;
			sourceTree = BUILT_PRODUCTS_DIR;
		};
		B49D31B42B03ECDF00DBB05B /* ycilst */ = {
			isa = PBXReferenceProxy;
			fileType = "compiled.mach-o.executable";
			path = ycilst;
			remoteRef = B49D31B32B03ECDF00DBB05B /* PBXContainerItemProxy */;
			sourceTree = BUILT_PRODUCTS_DIR;
		};
		B49D31B62B03ECDF00DBB05B /* ycimap */ = {
			isa = PBXReferenceProxy;
			fileType = "compiled.mach-o.executable";
			path = ycimap;
			remoteRef = B49D31B52B03ECDF00DBB05B /* PBXContainerItemProxy */;
			sourceTree = BUILT_PRODUCTS_DIR;
		};
		B49D31B82B03ECDF00DBB05B /* ycimsg */ = {
			isa = PBXReferenceProxy;
			fileType = "compiled.mach-o.executable";
			path = ycimsg;
			remoteRef = B49D31B72B03ECDF00DBB05B /* PBXContainerItemProxy */;
			sourceTree = BUILT_PRODUCTS_DIR;
		};
		B49D31BA2B03ECDF00DBB05B /* ycipal */ = {
			isa = PBXReferenceProxy;
			fileType = "compiled.mach-o.executable";
			path = ycipal;
			remoteRef = B49D31B92B03ECDF00DBB05B /* PBXContainerItemProxy */;
			sourceTree = BUILT_PRODUCTS_DIR;
		};
		B49D31BC2B03ECDF00DBB05B /* ycipro */ = {
			isa = PBXReferenceProxy;
			fileType = "compiled.mach-o.executable";
			path = ycipro;
			remoteRef = B49D31BB2B03ECDF00DBB05B /* PBXContainerItemProxy */;
			sourceTree = BUILT_PRODUCTS_DIR;
		};
		B49D31BE2B03ECDF00DBB05B /* libycres.a */ = {
			isa = PBXReferenceProxy;
			fileType = archive.ar;
			path = libycres.a;
			remoteRef = B49D31BD2B03ECDF00DBB05B /* PBXContainerItemProxy */;
			sourceTree = BUILT_PRODUCTS_DIR;
		};
		B49D31C02B03ECDF00DBB05B /* ycundat */ = {
			isa = PBXReferenceProxy;
			fileType = "compiled.mach-o.executable";
			path = ycundat;
			remoteRef = B49D31BF2B03ECDF00DBB05B /* PBXContainerItemProxy */;
			sourceTree = BUILT_PRODUCTS_DIR;
		};
		B49D31C22B03ECDF00DBB05B /* libycvid.a */ = {
			isa = PBXReferenceProxy;
			fileType = archive.ar;
			path = libycvid.a;
			remoteRef = B49D31C12B03ECDF00DBB05B /* PBXContainerItemProxy */;
			sourceTree = BUILT_PRODUCTS_DIR;
		};
/* End PBXReferenceProxy section */

/* Begin PBXResourcesBuildPhase section */
		B49D30092B03EB9900DBB05B /* Resources */ = {
			isa = PBXResourcesBuildPhase;
			buildActionMask = 2147483647;
			files = (
			);
			runOnlyForDeploymentPostprocessing = 0;
		};
/* End PBXResourcesBuildPhase section */

/* Begin PBXSourcesBuildPhase section */
		B49D30072B03EB9900DBB05B /* Sources */ = {
			isa = PBXSourcesBuildPhase;
			buildActionMask = 2147483647;
			files = (
				B49D302D2B03EC5900DBB05B /* ContentView.swift in Sources */,
				B44A98192B1192430025115E /* sprite.swift in Sources */,
				B44715C32B12B983003E27C4 /* cache.swift in Sources */,
				B406ECAE2B0EAE870008C796 /* fetchers.swift in Sources */,
				B406ECAA2B0EA42B0008C796 /* io.swift in Sources */,
				B44A981B2B11927D0025115E /* texture.swift in Sources */,
				B406ECB12B0ED6AB0008C796 /* renderer.swift in Sources */,
				B49D302C2B03EC5900DBB05B /* ycmapper.swift in Sources */,
				B4F03C022B17A3FE00BD6449 /* image.swift in Sources */,
			);
			runOnlyForDeploymentPostprocessing = 0;
		};
/* End PBXSourcesBuildPhase section */

/* Begin PBXTargetDependency section */
		B49D32572B03EF3100DBB05B /* PBXTargetDependency */ = {
			isa = PBXTargetDependency;
			name = ycenv;
			targetProxy = B49D32562B03EF3100DBB05B /* PBXContainerItemProxy */;
		};
		B49D32592B03EF3100DBB05B /* PBXTargetDependency */ = {
			isa = PBXTargetDependency;
			name = ycres;
			targetProxy = B49D32582B03EF3100DBB05B /* PBXContainerItemProxy */;
		};
		B49D325B2B03EF3100DBB05B /* PBXTargetDependency */ = {
			isa = PBXTargetDependency;
			name = ycvid;
			targetProxy = B49D325A2B03EF3100DBB05B /* PBXContainerItemProxy */;
		};
/* End PBXTargetDependency section */

/* Begin XCBuildConfiguration section */
		B49D30182B03EB9A00DBB05B /* Debug */ = {
			isa = XCBuildConfiguration;
			buildSettings = {
				ONLY_ACTIVE_ARCH = YES;
			};
			name = Debug;
		};
		B49D30192B03EB9A00DBB05B /* Release */ = {
			isa = XCBuildConfiguration;
			buildSettings = {
			};
			name = Release;
		};
		B49D301B2B03EB9A00DBB05B /* Debug */ = {
			isa = XCBuildConfiguration;
			buildSettings = {
				ALWAYS_SEARCH_USER_PATHS = NO;
				GENERATE_INFOPLIST_FILE = YES;
				HEADER_SEARCH_PATHS = (
					dependencies/libycvid/include,
					dependencies/libycvid/dependencies/libycenv/include,
					dependencies/libycvid/dependencies/libycenv/dependencies/libycres/include,
				);
				MARKETING_VERSION = 0.1.0;
				PRODUCT_BUNDLE_IDENTIFIER = org.yellowcake.ycmapper;
				PRODUCT_NAME = "$(TARGET_NAME)";
				SWIFT_OBJC_BRIDGING_HEADER = sources/macOS/config/imports.h;
				SWIFT_VERSION = 5.0;
			};
			name = Debug;
		};
		B49D301C2B03EB9A00DBB05B /* Release */ = {
			isa = XCBuildConfiguration;
			buildSettings = {
				ALWAYS_SEARCH_USER_PATHS = NO;
				GENERATE_INFOPLIST_FILE = YES;
				HEADER_SEARCH_PATHS = (
					dependencies/libycvid/include,
					dependencies/libycvid/dependencies/libycenv/include,
					dependencies/libycvid/dependencies/libycenv/dependencies/libycres/include,
				);
				MARKETING_VERSION = 0.1.0;
				PRODUCT_BUNDLE_IDENTIFIER = org.yellowcake.ycmapper;
				PRODUCT_NAME = "$(TARGET_NAME)";
				SWIFT_OBJC_BRIDGING_HEADER = sources/macOS/config/imports.h;
				SWIFT_VERSION = 5.0;
			};
			name = Release;
		};
/* End XCBuildConfiguration section */

/* Begin XCConfigurationList section */
		B49D30062B03EB9900DBB05B /* Build configuration list for PBXProject "ycmapper" */ = {
			isa = XCConfigurationList;
			buildConfigurations = (
				B49D30182B03EB9A00DBB05B /* Debug */,
				B49D30192B03EB9A00DBB05B /* Release */,
			);
			defaultConfigurationIsVisible = 0;
			defaultConfigurationName = Release;
		};
		B49D301A2B03EB9A00DBB05B /* Build configuration list for PBXNativeTarget "ycmapper" */ = {
			isa = XCConfigurationList;
			buildConfigurations = (
				B49D301B2B03EB9A00DBB05B /* Debug */,
				B49D301C2B03EB9A00DBB05B /* Release */,
			);
			defaultConfigurationIsVisible = 0;
			defaultConfigurationName = Release;
		};
/* End XCConfigurationList section */
	};
	rootObject = B49D30032B03EB9900DBB05B /* Project object */;
}
