// !$*UTF8*$!
{
	archiveVersion = 1;
	classes = {
	};
	objectVersion = 46;
	objects = {

/* Begin PBXAggregateTarget section */
		0330CD2517D54DDEB867E607 /* ZERO_CHECK */ = {
			isa = PBXAggregateTarget;
			buildConfigurationList = 9ACA5268C5AD482399B9E2D7 /* Build configuration list for PBXAggregateTarget "ZERO_CHECK" */;
			buildPhases = (
				E64B86F4422E2032DB96CB73 /* Generate CMakeFiles/ZERO_CHECK */,
			);
			dependencies = (
			);
			name = ZERO_CHECK;
			productName = ZERO_CHECK;
		};
		248A1CA7E1224C239AB48DBA /* ALL_BUILD */ = {
			isa = PBXAggregateTarget;
			buildConfigurationList = 7364B6E31E5B42EB938E8B83 /* Build configuration list for PBXAggregateTarget "ALL_BUILD" */;
			buildPhases = (
				E3AA6AE2DE48ED877557F769 /* Generate CMakeFiles/ALL_BUILD */,
			);
			dependencies = (
				5A5312A135E245EEBE3A38A3 /* PBXTargetDependency */,
				A710185B1C2D4ABCA4A0CC7F /* PBXTargetDependency */,
			);
			name = ALL_BUILD;
			productName = ALL_BUILD;
		};
		EFB49F870FD54AD298B079A7 /* install */ = {
			isa = PBXAggregateTarget;
			buildConfigurationList = D84B231648D6456BAF36C67A /* Build configuration list for PBXAggregateTarget "install" */;
			buildPhases = (
				93426DA6A4AC2C2AC9CE883C /* CMake PostBuild Rules */,
			);
			dependencies = (
				E3D4C75FB0494A92848D2713 /* PBXTargetDependency */,
			);
			name = install;
			productName = install;
		};
/* End PBXAggregateTarget section */

/* Begin PBXBuildFile section */
		387098A7D8284FB2B9C5096E /* /Users/0xceed/Repositories/ycmapper-apple/dependencies/libycvid/dependencies/libycenv/dependencies/libycres/examples/ycundat/source/main.c */ = {isa = PBXBuildFile; fileRef = 540B03DD6FD64DC1BAD628B9 /* /Users/0xceed/Repositories/ycmapper-apple/dependencies/libycvid/dependencies/libycenv/dependencies/libycres/examples/ycundat/source/main.c */; };
		7960ACE95E0E49BB8E66C8FB /* /Users/0xceed/Repositories/ycmapper-apple/dependencies/libycvid/dependencies/libycenv/dependencies/libycres/examples/ycundat/CMakeLists.txt */ = {isa = PBXBuildFile; fileRef = 13D0C245089B469FA54C8E95 /* /Users/0xceed/Repositories/ycmapper-apple/dependencies/libycvid/dependencies/libycenv/dependencies/libycres/examples/ycundat/CMakeLists.txt */; };
/* End PBXBuildFile section */

/* Begin PBXBuildStyle section */
		0A2FF9F694344B36B5BC0213 /* RelWithDebInfo */ = {
			isa = PBXBuildStyle;
			buildSettings = {
				COPY_PHASE_STRIP = NO;
			};
			name = RelWithDebInfo;
		};
		3A72D0BE77B640EF8E4714D0 /* MinSizeRel */ = {
			isa = PBXBuildStyle;
			buildSettings = {
				COPY_PHASE_STRIP = NO;
			};
			name = MinSizeRel;
		};
		ABC72401AE0B4E4CA161EBB7 /* Debug */ = {
			isa = PBXBuildStyle;
			buildSettings = {
				COPY_PHASE_STRIP = NO;
			};
			name = Debug;
		};
		FA6F8BAB59964457A357BC02 /* Release */ = {
			isa = PBXBuildStyle;
			buildSettings = {
				COPY_PHASE_STRIP = NO;
			};
			name = Release;
		};
/* End PBXBuildStyle section */

/* Begin PBXContainerItemProxy section */
		202794A0FE9044F0B99E73F0 /* PBXContainerItemProxy */ = {
			isa = PBXContainerItemProxy;
			containerPortal = B8F07971F2A34C27BE3B9B4C /* Project object */;
			proxyType = 1;
			remoteGlobalIDString = 248A1CA7E1224C239AB48DBA;
			remoteInfo = ALL_BUILD;
		};
		28E221C402D4456D9B03F1D7 /* PBXContainerItemProxy */ = {
			isa = PBXContainerItemProxy;
			containerPortal = B8F07971F2A34C27BE3B9B4C /* Project object */;
			proxyType = 1;
			remoteGlobalIDString = 0330CD2517D54DDEB867E607;
			remoteInfo = ZERO_CHECK;
		};
		5CD9BA0A70EC4932B6D4B07F /* PBXContainerItemProxy */ = {
			isa = PBXContainerItemProxy;
			containerPortal = B8F07971F2A34C27BE3B9B4C /* Project object */;
			proxyType = 1;
			remoteGlobalIDString = 0330CD2517D54DDEB867E607;
			remoteInfo = ZERO_CHECK;
		};
		A9097C1133DD4B63B7E51951 /* PBXContainerItemProxy */ = {
			isa = PBXContainerItemProxy;
			containerPortal = B8F07971F2A34C27BE3B9B4C /* Project object */;
			proxyType = 1;
			remoteGlobalIDString = C926E9A404574B1E95A637C5;
			remoteInfo = ycundat;
		};
/* End PBXContainerItemProxy section */

/* Begin PBXFileReference section */
		13D0C245089B469FA54C8E95 /* /Users/0xceed/Repositories/ycmapper-apple/dependencies/libycvid/dependencies/libycenv/dependencies/libycres/examples/ycundat/CMakeLists.txt */ = {isa = PBXFileReference; explicitFileType = sourcecode.text; fileEncoding = 4; name = CMakeLists.txt; path = CMakeLists.txt; sourceTree = SOURCE_ROOT; };
		329879DBAB96470CACC5A7DA /* ycundat */ = {isa = PBXFileReference; explicitFileType = "compiled.mach-o.executable"; path = ycundat; sourceTree = BUILT_PRODUCTS_DIR; };
		38F1B86CE0484FFD9AB62FA2 /* /Users/0xceed/Repositories/ycmapper-apple/dependencies/libycvid/dependencies/libycenv/dependencies/libycres/examples/ycundat/CMakeLists.txt */ = {isa = PBXFileReference; explicitFileType = sourcecode.text; fileEncoding = 4; name = CMakeLists.txt; path = CMakeLists.txt; sourceTree = SOURCE_ROOT; };
		540B03DD6FD64DC1BAD628B9 /* /Users/0xceed/Repositories/ycmapper-apple/dependencies/libycvid/dependencies/libycenv/dependencies/libycres/examples/ycundat/source/main.c */ = {isa = PBXFileReference; explicitFileType = sourcecode.c.c; fileEncoding = 4; name = main.c; path = source/main.c; sourceTree = SOURCE_ROOT; };
/* End PBXFileReference section */

/* Begin PBXFrameworksBuildPhase section */
		9C20ACF4EE5E4FF7B031B271 /* Frameworks */ = {
			isa = PBXFrameworksBuildPhase;
			buildActionMask = 2147483647;
			files = (
			);
			runOnlyForDeploymentPostprocessing = 0;
		};
/* End PBXFrameworksBuildPhase section */

/* Begin PBXGroup section */
		18D970B62D07452F98B01277 /* ycundat */ = {
			isa = PBXGroup;
			children = (
				73196C3DB72242229D08C42A /* Source Files */,
				13D0C245089B469FA54C8E95 /* /Users/0xceed/Repositories/ycmapper-apple/dependencies/libycvid/dependencies/libycenv/dependencies/libycres/examples/ycundat/CMakeLists.txt */,
			);
			name = ycundat;
			sourceTree = "<group>";
		};
		6D6B75FA46E44C56BEE1AB40 = {
			isa = PBXGroup;
			children = (
				18D970B62D07452F98B01277 /* ycundat */,
				B029B52ECD4E4FDB93AD6457 /* ALL_BUILD */,
				D8DFCF9451CD4F26A2C12986 /* Products */,
				A63A62317DA64E0B846B1C85 /* Frameworks */,
				C7CD291FDC214FE286903AB6 /* Resources */,
			);
			sourceTree = "<group>";
		};
		72E7EF5A52A74B2DBAA38656 /* CMake Rules */ = {
			isa = PBXGroup;
			children = (
			);
			name = "CMake Rules";
			sourceTree = "<group>";
		};
		73196C3DB72242229D08C42A /* Source Files */ = {
			isa = PBXGroup;
			children = (
				540B03DD6FD64DC1BAD628B9 /* /Users/0xceed/Repositories/ycmapper-apple/dependencies/libycvid/dependencies/libycenv/dependencies/libycres/examples/ycundat/source/main.c */,
			);
			name = "Source Files";
			sourceTree = "<group>";
		};
		A63A62317DA64E0B846B1C85 /* Frameworks */ = {
			isa = PBXGroup;
			children = (
			);
			name = Frameworks;
			sourceTree = "<group>";
		};
		B029B52ECD4E4FDB93AD6457 /* ALL_BUILD */ = {
			isa = PBXGroup;
			children = (
				72E7EF5A52A74B2DBAA38656 /* CMake Rules */,
				38F1B86CE0484FFD9AB62FA2 /* /Users/0xceed/Repositories/ycmapper-apple/dependencies/libycvid/dependencies/libycenv/dependencies/libycres/examples/ycundat/CMakeLists.txt */,
			);
			name = ALL_BUILD;
			sourceTree = "<group>";
		};
		C7CD291FDC214FE286903AB6 /* Resources */ = {
			isa = PBXGroup;
			children = (
			);
			name = Resources;
			sourceTree = "<group>";
		};
		D8DFCF9451CD4F26A2C12986 /* Products */ = {
			isa = PBXGroup;
			children = (
				329879DBAB96470CACC5A7DA /* ycundat */,
			);
			name = Products;
			sourceTree = "<group>";
		};
/* End PBXGroup section */

/* Begin PBXNativeTarget section */
		C926E9A404574B1E95A637C5 /* ycundat */ = {
			isa = PBXNativeTarget;
			buildConfigurationList = A5DDB6323621425FBDB27EF3 /* Build configuration list for PBXNativeTarget "ycundat" */;
			buildPhases = (
				5601CB22BC3642928415D917 /* Sources */,
				9C20ACF4EE5E4FF7B031B271 /* Frameworks */,
			);
			buildRules = (
			);
			dependencies = (
				EABE2051D5D74099BD8EF490 /* PBXTargetDependency */,
			);
			name = ycundat;
			productName = ycundat;
			productReference = 329879DBAB96470CACC5A7DA /* ycundat */;
			productType = "com.apple.product-type.tool";
		};
/* End PBXNativeTarget section */

/* Begin PBXProject section */
		B8F07971F2A34C27BE3B9B4C /* Project object */ = {
			isa = PBXProject;
			attributes = {
				BuildIndependentTargetsInParallel = YES;
				LastUpgradeCheck = 1520;
			};
			buildConfigurationList = 87BCA8596BD1487EB9A2BC21 /* Build configuration list for PBXProject "ycundat" */;
			buildSettings = {
			};
			buildStyles = (
				ABC72401AE0B4E4CA161EBB7 /* Debug */,
				FA6F8BAB59964457A357BC02 /* Release */,
				3A72D0BE77B640EF8E4714D0 /* MinSizeRel */,
				0A2FF9F694344B36B5BC0213 /* RelWithDebInfo */,
			);
			compatibilityVersion = "Xcode 3.2";
			hasScannedForEncodings = 0;
			mainGroup = 6D6B75FA46E44C56BEE1AB40;
			projectDirPath = "/Users/0xceed/Repositories/ycmapper-apple/dependencies/libycvid/dependencies/libycenv/dependencies/libycres/examples/ycundat";
			projectRoot = "";
			targets = (
				248A1CA7E1224C239AB48DBA /* ALL_BUILD */,
				0330CD2517D54DDEB867E607 /* ZERO_CHECK */,
				EFB49F870FD54AD298B079A7 /* install */,
				C926E9A404574B1E95A637C5 /* ycundat */,
			);
		};
/* End PBXProject section */

/* Begin PBXShellScriptBuildPhase section */
		3C0110FC8322DE7E50886E21 = {
			isa = PBXShellScriptBuildPhase;
			buildActionMask = 2147483647;
			files = (
			);
			inputPaths = (
			);
			outputPaths = (
			);
			runOnlyForDeploymentPostprocessing = 0;
			shellPath = /bin/sh;
			shellScript = "# shell script goes here
exit 0";
			showEnvVarsInLog = 0;
		};
		87AF4882E018677E2624B544 = {
			isa = PBXShellScriptBuildPhase;
			buildActionMask = 2147483647;
			files = (
			);
			inputPaths = (
			);
			outputPaths = (
			);
			runOnlyForDeploymentPostprocessing = 0;
			shellPath = /bin/sh;
			shellScript = "# shell script goes here
exit 0";
			showEnvVarsInLog = 0;
		};
		93426DA6A4AC2C2AC9CE883C /* CMake PostBuild Rules */ = {
			isa = PBXShellScriptBuildPhase;
			alwaysOutOfDate = 1;
			buildActionMask = 2147483647;
			files = (
			);
			name = "CMake PostBuild Rules";
			outputPaths = (
			);
			runOnlyForDeploymentPostprocessing = 0;
			shellPath = /bin/sh;
			shellScript = "set -e
if test \"$CONFIGURATION\" = \"Debug\"; then :
  cd /Users/0xceed/Repositories/ycmapper-apple/cmake/dependencies/libycenv/dependencies/libycres/examples/ycundat
  /opt/homebrew/Cellar/cmake/3.28.1/bin/cmake -DBUILD_TYPE=$CONFIGURATION$EFFECTIVE_PLATFORM_NAME -P cmake_install.cmake
fi
if test \"$CONFIGURATION\" = \"Release\"; then :
  cd /Users/0xceed/Repositories/ycmapper-apple/cmake/dependencies/libycenv/dependencies/libycres/examples/ycundat
  /opt/homebrew/Cellar/cmake/3.28.1/bin/cmake -DBUILD_TYPE=$CONFIGURATION$EFFECTIVE_PLATFORM_NAME -P cmake_install.cmake
fi
if test \"$CONFIGURATION\" = \"MinSizeRel\"; then :
  cd /Users/0xceed/Repositories/ycmapper-apple/cmake/dependencies/libycenv/dependencies/libycres/examples/ycundat
  /opt/homebrew/Cellar/cmake/3.28.1/bin/cmake -DBUILD_TYPE=$CONFIGURATION$EFFECTIVE_PLATFORM_NAME -P cmake_install.cmake
fi
if test \"$CONFIGURATION\" = \"RelWithDebInfo\"; then :
  cd /Users/0xceed/Repositories/ycmapper-apple/cmake/dependencies/libycenv/dependencies/libycres/examples/ycundat
  /opt/homebrew/Cellar/cmake/3.28.1/bin/cmake -DBUILD_TYPE=$CONFIGURATION$EFFECTIVE_PLATFORM_NAME -P cmake_install.cmake
fi
";
			showEnvVarsInLog = 0;
		};
		9B50530E35CC49C82C2FACCF = {
			isa = PBXShellScriptBuildPhase;
			buildActionMask = 2147483647;
			files = (
			);
			inputPaths = (
			);
			outputPaths = (
			);
			runOnlyForDeploymentPostprocessing = 0;
			shellPath = /bin/sh;
			shellScript = "# shell script goes here
exit 0";
			showEnvVarsInLog = 0;
		};
		E3AA6AE2DE48ED877557F769 /* Generate CMakeFiles/ALL_BUILD */ = {
			isa = PBXShellScriptBuildPhase;
			alwaysOutOfDate = 1;
			buildActionMask = 2147483647;
			files = (
			);
			inputPaths = (
			);
			name = "Generate CMakeFiles/ALL_BUILD";
			outputPaths = (
"/Users/0xceed/Repositories/ycmapper-apple/cmake/dependencies/libycenv/dependencies/libycres/examples/ycundat/CMakeFiles/ALL_BUILD"			);
			runOnlyForDeploymentPostprocessing = 0;
			shellPath = /bin/sh;
			shellScript = "set -e
if test \"$CONFIGURATION\" = \"Debug\"; then :
  cd /Users/0xceed/Repositories/ycmapper-apple/cmake/dependencies/libycenv/dependencies/libycres/examples/ycundat
  /Users/0xceed/Repositories/ycmapper-apple/cmake/dependencies/libycenv/dependencies/libycres/examples/dependencies/argtable/examples/Debug/echo Build\\ all\\ projects
fi
if test \"$CONFIGURATION\" = \"Release\"; then :
  cd /Users/0xceed/Repositories/ycmapper-apple/cmake/dependencies/libycenv/dependencies/libycres/examples/ycundat
  /Users/0xceed/Repositories/ycmapper-apple/cmake/dependencies/libycenv/dependencies/libycres/examples/dependencies/argtable/examples/Release/echo Build\\ all\\ projects
fi
if test \"$CONFIGURATION\" = \"MinSizeRel\"; then :
  cd /Users/0xceed/Repositories/ycmapper-apple/cmake/dependencies/libycenv/dependencies/libycres/examples/ycundat
  /Users/0xceed/Repositories/ycmapper-apple/cmake/dependencies/libycenv/dependencies/libycres/examples/dependencies/argtable/examples/MinSizeRel/echo Build\\ all\\ projects
fi
if test \"$CONFIGURATION\" = \"RelWithDebInfo\"; then :
  cd /Users/0xceed/Repositories/ycmapper-apple/cmake/dependencies/libycenv/dependencies/libycres/examples/ycundat
  /Users/0xceed/Repositories/ycmapper-apple/cmake/dependencies/libycenv/dependencies/libycres/examples/dependencies/argtable/examples/RelWithDebInfo/echo Build\\ all\\ projects
fi
";
			showEnvVarsInLog = 0;
		};
		E64B86F4422E2032DB96CB73 /* Generate CMakeFiles/ZERO_CHECK */ = {
			isa = PBXShellScriptBuildPhase;
			alwaysOutOfDate = 1;
			buildActionMask = 2147483647;
			files = (
			);
			inputPaths = (
			);
			name = "Generate CMakeFiles/ZERO_CHECK";
			outputPaths = (
"/Users/0xceed/Repositories/ycmapper-apple/cmake/dependencies/libycenv/dependencies/libycres/examples/ycundat/CMakeFiles/ZERO_CHECK"			);
			runOnlyForDeploymentPostprocessing = 0;
			shellPath = /bin/sh;
			shellScript = "set -e
if test \"$CONFIGURATION\" = \"Debug\"; then :
  cd /Users/0xceed/Repositories/ycmapper-apple/cmake/dependencies/libycenv/dependencies/libycres/examples/ycundat
  make -f /Users/0xceed/Repositories/ycmapper-apple/cmake/dependencies/libycenv/dependencies/libycres/examples/ycundat/CMakeScripts/ReRunCMake.make
fi
if test \"$CONFIGURATION\" = \"Release\"; then :
  cd /Users/0xceed/Repositories/ycmapper-apple/cmake/dependencies/libycenv/dependencies/libycres/examples/ycundat
  make -f /Users/0xceed/Repositories/ycmapper-apple/cmake/dependencies/libycenv/dependencies/libycres/examples/ycundat/CMakeScripts/ReRunCMake.make
fi
if test \"$CONFIGURATION\" = \"MinSizeRel\"; then :
  cd /Users/0xceed/Repositories/ycmapper-apple/cmake/dependencies/libycenv/dependencies/libycres/examples/ycundat
  make -f /Users/0xceed/Repositories/ycmapper-apple/cmake/dependencies/libycenv/dependencies/libycres/examples/ycundat/CMakeScripts/ReRunCMake.make
fi
if test \"$CONFIGURATION\" = \"RelWithDebInfo\"; then :
  cd /Users/0xceed/Repositories/ycmapper-apple/cmake/dependencies/libycenv/dependencies/libycres/examples/ycundat
  make -f /Users/0xceed/Repositories/ycmapper-apple/cmake/dependencies/libycenv/dependencies/libycres/examples/ycundat/CMakeScripts/ReRunCMake.make
fi
";
			showEnvVarsInLog = 0;
		};
/* End PBXShellScriptBuildPhase section */

/* Begin PBXSourcesBuildPhase section */
		5601CB22BC3642928415D917 /* Sources */ = {
			isa = PBXSourcesBuildPhase;
			buildActionMask = 2147483647;
			files = (
				387098A7D8284FB2B9C5096E /* /Users/0xceed/Repositories/ycmapper-apple/dependencies/libycvid/dependencies/libycenv/dependencies/libycres/examples/ycundat/source/main.c */,
			);
			runOnlyForDeploymentPostprocessing = 0;
		};
/* End PBXSourcesBuildPhase section */

/* Begin PBXTargetDependency section */
		5A5312A135E245EEBE3A38A3 /* PBXTargetDependency */ = {
			isa = PBXTargetDependency;
			target = C926E9A404574B1E95A637C5 /* ycundat */;
			targetProxy = A9097C1133DD4B63B7E51951 /* PBXContainerItemProxy */;
		};
		A710185B1C2D4ABCA4A0CC7F /* PBXTargetDependency */ = {
			isa = PBXTargetDependency;
			target = 0330CD2517D54DDEB867E607 /* ZERO_CHECK */;
			targetProxy = 5CD9BA0A70EC4932B6D4B07F /* PBXContainerItemProxy */;
		};
		E3D4C75FB0494A92848D2713 /* PBXTargetDependency */ = {
			isa = PBXTargetDependency;
			target = 248A1CA7E1224C239AB48DBA /* ALL_BUILD */;
			targetProxy = 202794A0FE9044F0B99E73F0 /* PBXContainerItemProxy */;
		};
		EABE2051D5D74099BD8EF490 /* PBXTargetDependency */ = {
			isa = PBXTargetDependency;
			target = 0330CD2517D54DDEB867E607 /* ZERO_CHECK */;
			targetProxy = 28E221C402D4456D9B03F1D7 /* PBXContainerItemProxy */;
		};
/* End PBXTargetDependency section */

/* Begin XCBuildConfiguration section */
		0255C8981C514B84A456F18C /* MinSizeRel */ = {
			isa = XCBuildConfiguration;
			buildSettings = {
				ALWAYS_SEARCH_USER_PATHS = NO;
				ARCHS = arm64;
				COMBINE_HIDPI_IMAGES = YES;
				GCC_GENERATE_DEBUGGING_SYMBOLS = YES;
				GCC_INLINES_ARE_PRIVATE_EXTERN = NO;
				GCC_OPTIMIZATION_LEVEL = 0;
				GCC_PREPROCESSOR_DEFINITIONS = ("'CMAKE_INTDIR=\"$(CONFIGURATION)$(EFFECTIVE_PLATFORM_NAME)\"'","$(inherited)");
				GCC_SYMBOLS_PRIVATE_EXTERN = NO;
				INSTALL_PATH = "";
				ONLY_ACTIVE_ARCH = NO;
				OTHER_LDFLAGS = ("","$(inherited)");
				OTHER_REZFLAGS = "";
				PRODUCT_NAME = ALL_BUILD;
				SECTORDER_FLAGS = "";
				USE_HEADERMAP = NO;
				WARNING_CFLAGS = ("$(inherited)");
			};
			name = MinSizeRel;
		};
		1141A249F00046D5BD1445E1 /* MinSizeRel */ = {
			isa = XCBuildConfiguration;
			buildSettings = {
				ALWAYS_SEARCH_USER_PATHS = NO;
				ARCHS = arm64;
				COMBINE_HIDPI_IMAGES = YES;
				CONFIGURATION_BUILD_DIR = "/Users/0xceed/Repositories/ycmapper-apple/cmake/dependencies/libycenv/dependencies/libycres/examples/ycundat/MinSizeRel";
				EXECUTABLE_PREFIX = "";
				EXECUTABLE_SUFFIX = "";
				GCC_GENERATE_DEBUGGING_SYMBOLS = NO;
				GCC_INLINES_ARE_PRIVATE_EXTERN = NO;
				GCC_OPTIMIZATION_LEVEL = 0;
				GCC_PREPROCESSOR_DEFINITIONS = ("'CMAKE_INTDIR=\"$(CONFIGURATION)$(EFFECTIVE_PLATFORM_NAME)\"'","$(inherited)");
				GCC_SYMBOLS_PRIVATE_EXTERN = NO;
				HEADER_SEARCH_PATHS = ("/Users/0xceed/Repositories/ycmapper-apple/dependencies/libycvid/dependencies/libycenv/dependencies/libycres/examples/ycundat/include","/Users/0xceed/Repositories/ycmapper-apple/dependencies/libycvid/dependencies/libycenv/dependencies/libycres/examples/ycundat/../dependencies/argtable/src","/Users/0xceed/Repositories/ycmapper-apple/dependencies/libycvid/dependencies/libycenv/dependencies/libycres/include","$(inherited)");
				INSTALL_PATH = "";
				ONLY_ACTIVE_ARCH = NO;
				OTHER_CFLAGS = ("'-std=gnu99' -Wall -Wextra -pedantic -Werror ","$(inherited)");
				OTHER_LDFLAGS = (" -Wl,-search_paths_first -Wl,-headerpad_max_install_names","/Users/0xceed/Repositories/ycmapper-apple/cmake/dependencies/libycenv/dependencies/libycres/examples/dependencies/argtable/src/MinSizeRel/libargtable3_static.a","/Users/0xceed/Repositories/ycmapper-apple/cmake/dependencies/libycenv/dependencies/libycres/MinSizeRel/libycres.a","$(inherited)");
				OTHER_REZFLAGS = "";
				PRODUCT_NAME = ycundat;
				SECTORDER_FLAGS = "";
				TARGET_TEMP_DIR = "/Users/0xceed/Repositories/ycmapper-apple/cmake/build/ycundat.build/$(CONFIGURATION)$(EFFECTIVE_PLATFORM_NAME)";
				USE_HEADERMAP = NO;
				WARNING_CFLAGS = ("$(inherited)");
			};
			name = MinSizeRel;
		};
		2EFB5B00739C44CF96AB6CA7 /* MinSizeRel */ = {
			isa = XCBuildConfiguration;
			buildSettings = {
				ALWAYS_SEARCH_USER_PATHS = NO;
				ARCHS = arm64;
				COMBINE_HIDPI_IMAGES = YES;
				GCC_GENERATE_DEBUGGING_SYMBOLS = YES;
				GCC_INLINES_ARE_PRIVATE_EXTERN = NO;
				GCC_OPTIMIZATION_LEVEL = 0;
				GCC_PREPROCESSOR_DEFINITIONS = ("'CMAKE_INTDIR=\"$(CONFIGURATION)$(EFFECTIVE_PLATFORM_NAME)\"'","$(inherited)");
				GCC_SYMBOLS_PRIVATE_EXTERN = NO;
				INSTALL_PATH = "";
				ONLY_ACTIVE_ARCH = NO;
				OTHER_LDFLAGS = ("","$(inherited)");
				OTHER_REZFLAGS = "";
				PRODUCT_NAME = ZERO_CHECK;
				SECTORDER_FLAGS = "";
				USE_HEADERMAP = NO;
				WARNING_CFLAGS = ("$(inherited)");
			};
			name = MinSizeRel;
		};
		3D358151DD834B11967FBEEC /* RelWithDebInfo */ = {
			isa = XCBuildConfiguration;
			buildSettings = {
				ALWAYS_SEARCH_USER_PATHS = NO;
				ARCHS = arm64;
				COMBINE_HIDPI_IMAGES = YES;
				GCC_GENERATE_DEBUGGING_SYMBOLS = YES;
				GCC_INLINES_ARE_PRIVATE_EXTERN = NO;
				GCC_OPTIMIZATION_LEVEL = 0;
				GCC_PREPROCESSOR_DEFINITIONS = ("'CMAKE_INTDIR=\"$(CONFIGURATION)$(EFFECTIVE_PLATFORM_NAME)\"'","$(inherited)");
				GCC_SYMBOLS_PRIVATE_EXTERN = NO;
				INSTALL_PATH = "";
				ONLY_ACTIVE_ARCH = NO;
				OTHER_LDFLAGS = ("","$(inherited)");
				OTHER_REZFLAGS = "";
				PRODUCT_NAME = install;
				SECTORDER_FLAGS = "";
				USE_HEADERMAP = NO;
				WARNING_CFLAGS = ("$(inherited)");
			};
			name = RelWithDebInfo;
		};
		3EBB6388A35B42ECB784ADD4 /* Release */ = {
			isa = XCBuildConfiguration;
			buildSettings = {
				ALWAYS_SEARCH_USER_PATHS = NO;
				ARCHS = arm64;
				COMBINE_HIDPI_IMAGES = YES;
				GCC_GENERATE_DEBUGGING_SYMBOLS = YES;
				GCC_INLINES_ARE_PRIVATE_EXTERN = NO;
				GCC_OPTIMIZATION_LEVEL = 0;
				GCC_PREPROCESSOR_DEFINITIONS = ("'CMAKE_INTDIR=\"$(CONFIGURATION)$(EFFECTIVE_PLATFORM_NAME)\"'","$(inherited)");
				GCC_SYMBOLS_PRIVATE_EXTERN = NO;
				INSTALL_PATH = "";
				ONLY_ACTIVE_ARCH = NO;
				OTHER_LDFLAGS = ("","$(inherited)");
				OTHER_REZFLAGS = "";
				PRODUCT_NAME = install;
				SECTORDER_FLAGS = "";
				USE_HEADERMAP = NO;
				WARNING_CFLAGS = ("$(inherited)");
			};
			name = Release;
		};
		4115E6A77E044CFD9C62BF95 /* Debug */ = {
			isa = XCBuildConfiguration;
			buildSettings = {
				ALWAYS_SEARCH_USER_PATHS = NO;
				ARCHS = arm64;
				COMBINE_HIDPI_IMAGES = YES;
				CONFIGURATION_BUILD_DIR = "/Users/0xceed/Repositories/ycmapper-apple/cmake/dependencies/libycenv/dependencies/libycres/examples/ycundat/Debug";
				EXECUTABLE_PREFIX = "";
				EXECUTABLE_SUFFIX = "";
				GCC_GENERATE_DEBUGGING_SYMBOLS = NO;
				GCC_INLINES_ARE_PRIVATE_EXTERN = NO;
				GCC_OPTIMIZATION_LEVEL = 0;
				GCC_PREPROCESSOR_DEFINITIONS = ("'CMAKE_INTDIR=\"$(CONFIGURATION)$(EFFECTIVE_PLATFORM_NAME)\"'","$(inherited)");
				GCC_SYMBOLS_PRIVATE_EXTERN = NO;
				HEADER_SEARCH_PATHS = ("/Users/0xceed/Repositories/ycmapper-apple/dependencies/libycvid/dependencies/libycenv/dependencies/libycres/examples/ycundat/include","/Users/0xceed/Repositories/ycmapper-apple/dependencies/libycvid/dependencies/libycenv/dependencies/libycres/examples/ycundat/../dependencies/argtable/src","/Users/0xceed/Repositories/ycmapper-apple/dependencies/libycvid/dependencies/libycenv/dependencies/libycres/include","$(inherited)");
				INSTALL_PATH = "";
				ONLY_ACTIVE_ARCH = NO;
				OTHER_CFLAGS = ("'-std=gnu99' -Wall -Wextra -pedantic -Werror ","$(inherited)");
				OTHER_LDFLAGS = (" -Wl,-search_paths_first -Wl,-headerpad_max_install_names","/Users/0xceed/Repositories/ycmapper-apple/cmake/dependencies/libycenv/dependencies/libycres/examples/dependencies/argtable/src/Debug/libargtable3_staticd.a","/Users/0xceed/Repositories/ycmapper-apple/cmake/dependencies/libycenv/dependencies/libycres/Debug/libycres.a","$(inherited)");
				OTHER_REZFLAGS = "";
				PRODUCT_NAME = ycundat;
				SECTORDER_FLAGS = "";
				TARGET_TEMP_DIR = "/Users/0xceed/Repositories/ycmapper-apple/cmake/build/ycundat.build/$(CONFIGURATION)$(EFFECTIVE_PLATFORM_NAME)";
				USE_HEADERMAP = NO;
				WARNING_CFLAGS = ("$(inherited)");
			};
			name = Debug;
		};
		4422D271C2944C7AB4E82C91 /* Debug */ = {
			isa = XCBuildConfiguration;
			buildSettings = {
				ALWAYS_SEARCH_USER_PATHS = NO;
				ARCHS = arm64;
				COMBINE_HIDPI_IMAGES = YES;
				GCC_GENERATE_DEBUGGING_SYMBOLS = YES;
				GCC_INLINES_ARE_PRIVATE_EXTERN = NO;
				GCC_OPTIMIZATION_LEVEL = 0;
				GCC_PREPROCESSOR_DEFINITIONS = ("'CMAKE_INTDIR=\"$(CONFIGURATION)$(EFFECTIVE_PLATFORM_NAME)\"'","$(inherited)");
				GCC_SYMBOLS_PRIVATE_EXTERN = NO;
				INSTALL_PATH = "";
				ONLY_ACTIVE_ARCH = NO;
				OTHER_LDFLAGS = ("","$(inherited)");
				OTHER_REZFLAGS = "";
				PRODUCT_NAME = install;
				SECTORDER_FLAGS = "";
				USE_HEADERMAP = NO;
				WARNING_CFLAGS = ("$(inherited)");
			};
			name = Debug;
		};
		45119E98859D4C5C96B92D5A /* RelWithDebInfo */ = {
			isa = XCBuildConfiguration;
			buildSettings = {
				ARCHS = arm64;
				SDKROOT = /Library/Developer/CommandLineTools/SDKs/MacOSX14.2.sdk;
				SWIFT_COMPILATION_MODE = wholemodule;
				SYMROOT = "/Users/0xceed/Repositories/ycmapper-apple/cmake/build";
			};
			name = RelWithDebInfo;
		};
		4AE6C6D032D64400BD8A095F /* RelWithDebInfo */ = {
			isa = XCBuildConfiguration;
			buildSettings = {
				ALWAYS_SEARCH_USER_PATHS = NO;
				ARCHS = arm64;
				COMBINE_HIDPI_IMAGES = YES;
				GCC_GENERATE_DEBUGGING_SYMBOLS = YES;
				GCC_INLINES_ARE_PRIVATE_EXTERN = NO;
				GCC_OPTIMIZATION_LEVEL = 0;
				GCC_PREPROCESSOR_DEFINITIONS = ("'CMAKE_INTDIR=\"$(CONFIGURATION)$(EFFECTIVE_PLATFORM_NAME)\"'","$(inherited)");
				GCC_SYMBOLS_PRIVATE_EXTERN = NO;
				INSTALL_PATH = "";
				ONLY_ACTIVE_ARCH = NO;
				OTHER_LDFLAGS = ("","$(inherited)");
				OTHER_REZFLAGS = "";
				PRODUCT_NAME = ALL_BUILD;
				SECTORDER_FLAGS = "";
				USE_HEADERMAP = NO;
				WARNING_CFLAGS = ("$(inherited)");
			};
			name = RelWithDebInfo;
		};
		554CF37DB69749FB9F1C93DF /* Release */ = {
			isa = XCBuildConfiguration;
			buildSettings = {
				ALWAYS_SEARCH_USER_PATHS = NO;
				ARCHS = arm64;
				COMBINE_HIDPI_IMAGES = YES;
				GCC_GENERATE_DEBUGGING_SYMBOLS = YES;
				GCC_INLINES_ARE_PRIVATE_EXTERN = NO;
				GCC_OPTIMIZATION_LEVEL = 0;
				GCC_PREPROCESSOR_DEFINITIONS = ("'CMAKE_INTDIR=\"$(CONFIGURATION)$(EFFECTIVE_PLATFORM_NAME)\"'","$(inherited)");
				GCC_SYMBOLS_PRIVATE_EXTERN = NO;
				INSTALL_PATH = "";
				ONLY_ACTIVE_ARCH = NO;
				OTHER_LDFLAGS = ("","$(inherited)");
				OTHER_REZFLAGS = "";
				PRODUCT_NAME = ZERO_CHECK;
				SECTORDER_FLAGS = "";
				USE_HEADERMAP = NO;
				WARNING_CFLAGS = ("$(inherited)");
			};
			name = Release;
		};
		5E973DFD6BFD492BA3853C70 /* Release */ = {
			isa = XCBuildConfiguration;
			buildSettings = {
				ALWAYS_SEARCH_USER_PATHS = NO;
				ARCHS = arm64;
				COMBINE_HIDPI_IMAGES = YES;
				CONFIGURATION_BUILD_DIR = "/Users/0xceed/Repositories/ycmapper-apple/cmake/dependencies/libycenv/dependencies/libycres/examples/ycundat/Release";
				EXECUTABLE_PREFIX = "";
				EXECUTABLE_SUFFIX = "";
				GCC_GENERATE_DEBUGGING_SYMBOLS = NO;
				GCC_INLINES_ARE_PRIVATE_EXTERN = NO;
				GCC_OPTIMIZATION_LEVEL = 0;
				GCC_PREPROCESSOR_DEFINITIONS = ("'CMAKE_INTDIR=\"$(CONFIGURATION)$(EFFECTIVE_PLATFORM_NAME)\"'","$(inherited)");
				GCC_SYMBOLS_PRIVATE_EXTERN = NO;
				HEADER_SEARCH_PATHS = ("/Users/0xceed/Repositories/ycmapper-apple/dependencies/libycvid/dependencies/libycenv/dependencies/libycres/examples/ycundat/include","/Users/0xceed/Repositories/ycmapper-apple/dependencies/libycvid/dependencies/libycenv/dependencies/libycres/examples/ycundat/../dependencies/argtable/src","/Users/0xceed/Repositories/ycmapper-apple/dependencies/libycvid/dependencies/libycenv/dependencies/libycres/include","$(inherited)");
				INSTALL_PATH = "";
				ONLY_ACTIVE_ARCH = NO;
				OTHER_CFLAGS = ("'-std=gnu99' -Wall -Wextra -pedantic -Werror ","$(inherited)");
				OTHER_LDFLAGS = (" -Wl,-search_paths_first -Wl,-headerpad_max_install_names","/Users/0xceed/Repositories/ycmapper-apple/cmake/dependencies/libycenv/dependencies/libycres/examples/dependencies/argtable/src/Release/libargtable3_static.a","/Users/0xceed/Repositories/ycmapper-apple/cmake/dependencies/libycenv/dependencies/libycres/Release/libycres.a","$(inherited)");
				OTHER_REZFLAGS = "";
				PRODUCT_NAME = ycundat;
				SECTORDER_FLAGS = "";
				TARGET_TEMP_DIR = "/Users/0xceed/Repositories/ycmapper-apple/cmake/build/ycundat.build/$(CONFIGURATION)$(EFFECTIVE_PLATFORM_NAME)";
				USE_HEADERMAP = NO;
				WARNING_CFLAGS = ("$(inherited)");
			};
			name = Release;
		};
		793BECCCBC6A49CEBC1BE32C /* RelWithDebInfo */ = {
			isa = XCBuildConfiguration;
			buildSettings = {
				ALWAYS_SEARCH_USER_PATHS = NO;
				ARCHS = arm64;
				COMBINE_HIDPI_IMAGES = YES;
				CONFIGURATION_BUILD_DIR = "/Users/0xceed/Repositories/ycmapper-apple/cmake/dependencies/libycenv/dependencies/libycres/examples/ycundat/RelWithDebInfo";
				EXECUTABLE_PREFIX = "";
				EXECUTABLE_SUFFIX = "";
				GCC_GENERATE_DEBUGGING_SYMBOLS = NO;
				GCC_INLINES_ARE_PRIVATE_EXTERN = NO;
				GCC_OPTIMIZATION_LEVEL = 0;
				GCC_PREPROCESSOR_DEFINITIONS = ("'CMAKE_INTDIR=\"$(CONFIGURATION)$(EFFECTIVE_PLATFORM_NAME)\"'","$(inherited)");
				GCC_SYMBOLS_PRIVATE_EXTERN = NO;
				HEADER_SEARCH_PATHS = ("/Users/0xceed/Repositories/ycmapper-apple/dependencies/libycvid/dependencies/libycenv/dependencies/libycres/examples/ycundat/include","/Users/0xceed/Repositories/ycmapper-apple/dependencies/libycvid/dependencies/libycenv/dependencies/libycres/examples/ycundat/../dependencies/argtable/src","/Users/0xceed/Repositories/ycmapper-apple/dependencies/libycvid/dependencies/libycenv/dependencies/libycres/include","$(inherited)");
				INSTALL_PATH = "";
				ONLY_ACTIVE_ARCH = NO;
				OTHER_CFLAGS = ("'-std=gnu99' -Wall -Wextra -pedantic -Werror ","$(inherited)");
				OTHER_LDFLAGS = (" -Wl,-search_paths_first -Wl,-headerpad_max_install_names","/Users/0xceed/Repositories/ycmapper-apple/cmake/dependencies/libycenv/dependencies/libycres/examples/dependencies/argtable/src/RelWithDebInfo/libargtable3_static.a","/Users/0xceed/Repositories/ycmapper-apple/cmake/dependencies/libycenv/dependencies/libycres/RelWithDebInfo/libycres.a","$(inherited)");
				OTHER_REZFLAGS = "";
				PRODUCT_NAME = ycundat;
				SECTORDER_FLAGS = "";
				TARGET_TEMP_DIR = "/Users/0xceed/Repositories/ycmapper-apple/cmake/build/ycundat.build/$(CONFIGURATION)$(EFFECTIVE_PLATFORM_NAME)";
				USE_HEADERMAP = NO;
				WARNING_CFLAGS = ("$(inherited)");
			};
			name = RelWithDebInfo;
		};
		85F4F11CCC3C4432942101F6 /* Debug */ = {
			isa = XCBuildConfiguration;
			buildSettings = {
				ALWAYS_SEARCH_USER_PATHS = NO;
				ARCHS = arm64;
				COMBINE_HIDPI_IMAGES = YES;
				GCC_GENERATE_DEBUGGING_SYMBOLS = YES;
				GCC_INLINES_ARE_PRIVATE_EXTERN = NO;
				GCC_OPTIMIZATION_LEVEL = 0;
				GCC_PREPROCESSOR_DEFINITIONS = ("'CMAKE_INTDIR=\"$(CONFIGURATION)$(EFFECTIVE_PLATFORM_NAME)\"'","$(inherited)");
				GCC_SYMBOLS_PRIVATE_EXTERN = NO;
				INSTALL_PATH = "";
				ONLY_ACTIVE_ARCH = NO;
				OTHER_LDFLAGS = ("","$(inherited)");
				OTHER_REZFLAGS = "";
				PRODUCT_NAME = ZERO_CHECK;
				SECTORDER_FLAGS = "";
				USE_HEADERMAP = NO;
				WARNING_CFLAGS = ("$(inherited)");
			};
			name = Debug;
		};
		85FE5BCA3585421DBBCD287F /* Release */ = {
			isa = XCBuildConfiguration;
			buildSettings = {
				ALWAYS_SEARCH_USER_PATHS = NO;
				ARCHS = arm64;
				COMBINE_HIDPI_IMAGES = YES;
				GCC_GENERATE_DEBUGGING_SYMBOLS = YES;
				GCC_INLINES_ARE_PRIVATE_EXTERN = NO;
				GCC_OPTIMIZATION_LEVEL = 0;
				GCC_PREPROCESSOR_DEFINITIONS = ("'CMAKE_INTDIR=\"$(CONFIGURATION)$(EFFECTIVE_PLATFORM_NAME)\"'","$(inherited)");
				GCC_SYMBOLS_PRIVATE_EXTERN = NO;
				INSTALL_PATH = "";
				ONLY_ACTIVE_ARCH = NO;
				OTHER_LDFLAGS = ("","$(inherited)");
				OTHER_REZFLAGS = "";
				PRODUCT_NAME = ALL_BUILD;
				SECTORDER_FLAGS = "";
				USE_HEADERMAP = NO;
				WARNING_CFLAGS = ("$(inherited)");
			};
			name = Release;
		};
		9D95D873C9604609ACF7A622 /* RelWithDebInfo */ = {
			isa = XCBuildConfiguration;
			buildSettings = {
				ALWAYS_SEARCH_USER_PATHS = NO;
				ARCHS = arm64;
				COMBINE_HIDPI_IMAGES = YES;
				GCC_GENERATE_DEBUGGING_SYMBOLS = YES;
				GCC_INLINES_ARE_PRIVATE_EXTERN = NO;
				GCC_OPTIMIZATION_LEVEL = 0;
				GCC_PREPROCESSOR_DEFINITIONS = ("'CMAKE_INTDIR=\"$(CONFIGURATION)$(EFFECTIVE_PLATFORM_NAME)\"'","$(inherited)");
				GCC_SYMBOLS_PRIVATE_EXTERN = NO;
				INSTALL_PATH = "";
				ONLY_ACTIVE_ARCH = NO;
				OTHER_LDFLAGS = ("","$(inherited)");
				OTHER_REZFLAGS = "";
				PRODUCT_NAME = ZERO_CHECK;
				SECTORDER_FLAGS = "";
				USE_HEADERMAP = NO;
				WARNING_CFLAGS = ("$(inherited)");
			};
			name = RelWithDebInfo;
		};
		A57FE0F160EB424C87E462BA /* MinSizeRel */ = {
			isa = XCBuildConfiguration;
			buildSettings = {
				ARCHS = arm64;
				SDKROOT = /Library/Developer/CommandLineTools/SDKs/MacOSX14.2.sdk;
				SWIFT_COMPILATION_MODE = wholemodule;
				SYMROOT = "/Users/0xceed/Repositories/ycmapper-apple/cmake/build";
			};
			name = MinSizeRel;
		};
		B06402C1D0CF4F14BEA8CEF6 /* Debug */ = {
			isa = XCBuildConfiguration;
			buildSettings = {
				ARCHS = arm64;
				SDKROOT = /Library/Developer/CommandLineTools/SDKs/MacOSX14.2.sdk;
				SYMROOT = "/Users/0xceed/Repositories/ycmapper-apple/cmake/build";
			};
			name = Debug;
		};
		BAB91B50BC534BA58A359FAA /* Release */ = {
			isa = XCBuildConfiguration;
			buildSettings = {
				ARCHS = arm64;
				SDKROOT = /Library/Developer/CommandLineTools/SDKs/MacOSX14.2.sdk;
				SWIFT_COMPILATION_MODE = wholemodule;
				SYMROOT = "/Users/0xceed/Repositories/ycmapper-apple/cmake/build";
			};
			name = Release;
		};
		CF32EB153E84445385B10509 /* MinSizeRel */ = {
			isa = XCBuildConfiguration;
			buildSettings = {
				ALWAYS_SEARCH_USER_PATHS = NO;
				ARCHS = arm64;
				COMBINE_HIDPI_IMAGES = YES;
				GCC_GENERATE_DEBUGGING_SYMBOLS = YES;
				GCC_INLINES_ARE_PRIVATE_EXTERN = NO;
				GCC_OPTIMIZATION_LEVEL = 0;
				GCC_PREPROCESSOR_DEFINITIONS = ("'CMAKE_INTDIR=\"$(CONFIGURATION)$(EFFECTIVE_PLATFORM_NAME)\"'","$(inherited)");
				GCC_SYMBOLS_PRIVATE_EXTERN = NO;
				INSTALL_PATH = "";
				ONLY_ACTIVE_ARCH = NO;
				OTHER_LDFLAGS = ("","$(inherited)");
				OTHER_REZFLAGS = "";
				PRODUCT_NAME = install;
				SECTORDER_FLAGS = "";
				USE_HEADERMAP = NO;
				WARNING_CFLAGS = ("$(inherited)");
			};
			name = MinSizeRel;
		};
		D60EE69978DF41EB98093199 /* Debug */ = {
			isa = XCBuildConfiguration;
			buildSettings = {
				ALWAYS_SEARCH_USER_PATHS = NO;
				ARCHS = arm64;
				COMBINE_HIDPI_IMAGES = YES;
				GCC_GENERATE_DEBUGGING_SYMBOLS = YES;
				GCC_INLINES_ARE_PRIVATE_EXTERN = NO;
				GCC_OPTIMIZATION_LEVEL = 0;
				GCC_PREPROCESSOR_DEFINITIONS = ("'CMAKE_INTDIR=\"$(CONFIGURATION)$(EFFECTIVE_PLATFORM_NAME)\"'","$(inherited)");
				GCC_SYMBOLS_PRIVATE_EXTERN = NO;
				INSTALL_PATH = "";
				ONLY_ACTIVE_ARCH = NO;
				OTHER_LDFLAGS = ("","$(inherited)");
				OTHER_REZFLAGS = "";
				PRODUCT_NAME = ALL_BUILD;
				SECTORDER_FLAGS = "";
				USE_HEADERMAP = NO;
				WARNING_CFLAGS = ("$(inherited)");
			};
			name = Debug;
		};
/* End XCBuildConfiguration section */

/* Begin XCConfigurationList section */
		7364B6E31E5B42EB938E8B83 /* Build configuration list for PBXAggregateTarget "ALL_BUILD" */ = {
			isa = XCConfigurationList;
			buildConfigurations = (
				D60EE69978DF41EB98093199 /* Debug */,
				85FE5BCA3585421DBBCD287F /* Release */,
				0255C8981C514B84A456F18C /* MinSizeRel */,
				4AE6C6D032D64400BD8A095F /* RelWithDebInfo */,
			);
			defaultConfigurationIsVisible = 0;
			defaultConfigurationName = Debug;
		};
		87BCA8596BD1487EB9A2BC21 /* Build configuration list for PBXProject "ycundat" */ = {
			isa = XCConfigurationList;
			buildConfigurations = (
				B06402C1D0CF4F14BEA8CEF6 /* Debug */,
				BAB91B50BC534BA58A359FAA /* Release */,
				A57FE0F160EB424C87E462BA /* MinSizeRel */,
				45119E98859D4C5C96B92D5A /* RelWithDebInfo */,
			);
			defaultConfigurationIsVisible = 0;
			defaultConfigurationName = Debug;
		};
		9ACA5268C5AD482399B9E2D7 /* Build configuration list for PBXAggregateTarget "ZERO_CHECK" */ = {
			isa = XCConfigurationList;
			buildConfigurations = (
				85F4F11CCC3C4432942101F6 /* Debug */,
				554CF37DB69749FB9F1C93DF /* Release */,
				2EFB5B00739C44CF96AB6CA7 /* MinSizeRel */,
				9D95D873C9604609ACF7A622 /* RelWithDebInfo */,
			);
			defaultConfigurationIsVisible = 0;
			defaultConfigurationName = Debug;
		};
		A5DDB6323621425FBDB27EF3 /* Build configuration list for PBXNativeTarget "ycundat" */ = {
			isa = XCConfigurationList;
			buildConfigurations = (
				4115E6A77E044CFD9C62BF95 /* Debug */,
				5E973DFD6BFD492BA3853C70 /* Release */,
				1141A249F00046D5BD1445E1 /* MinSizeRel */,
				793BECCCBC6A49CEBC1BE32C /* RelWithDebInfo */,
			);
			defaultConfigurationIsVisible = 0;
			defaultConfigurationName = Debug;
		};
		D84B231648D6456BAF36C67A /* Build configuration list for PBXAggregateTarget "install" */ = {
			isa = XCConfigurationList;
			buildConfigurations = (
				4422D271C2944C7AB4E82C91 /* Debug */,
				3EBB6388A35B42ECB784ADD4 /* Release */,
				CF32EB153E84445385B10509 /* MinSizeRel */,
				3D358151DD834B11967FBEEC /* RelWithDebInfo */,
			);
			defaultConfigurationIsVisible = 0;
			defaultConfigurationName = Debug;
		};
/* End XCConfigurationList section */
	};
	rootObject = B8F07971F2A34C27BE3B9B4C /* Project object */;
}
